// !$*UTF8*$!
{
	archiveVersion = 1;
	classes = {
	};
	objectVersion = 46;
	objects = {

/* Begin PBXBuildFile section */
		04B1E9201D0145FA183FBA3E /* Pods_GrandDB_Test.framework in Frameworks */ = {isa = PBXBuildFile; fileRef = 7A07C88A73A46DB229F27FF7 /* Pods_GrandDB_Test.framework */; };
		B6168A541E55A4E8000ED712 /* XCTestCaseBase.m in Sources */ = {isa = PBXBuildFile; fileRef = B6168A491E55A4E8000ED712 /* XCTestCaseBase.m */; };
		B6168A5F1E55A5D9000ED712 /* AndyMainVCTests.m in Sources */ = {isa = PBXBuildFile; fileRef = B6168A5E1E55A5D9000ED712 /* AndyMainVCTests.m */; };
		B6168A611E55AE41000ED712 /* Info.plist in Resources */ = {isa = PBXBuildFile; fileRef = B6168A601E55AE41000ED712 /* Info.plist */; };
		B6280AB21E5A9327000EECBC /* AndyFavorBaseModel.m in Sources */ = {isa = PBXBuildFile; fileRef = B6280AB11E5A9327000EECBC /* AndyFavorBaseModel.m */; };
		B6280AB51E5A935D000EECBC /* AndyFavorListModel.m in Sources */ = {isa = PBXBuildFile; fileRef = B6280AB41E5A935D000EECBC /* AndyFavorListModel.m */; };
		B6280AB81E5A937D000EECBC /* AndyFavorResultModel.m in Sources */ = {isa = PBXBuildFile; fileRef = B6280AB71E5A937D000EECBC /* AndyFavorResultModel.m */; };
		B6280AE91E5A95D1000EECBC /* AndyAnimationConst.m in Sources */ = {isa = PBXBuildFile; fileRef = B6280ABC1E5A95D1000EECBC /* AndyAnimationConst.m */; };
		B6280AEA1E5A95D1000EECBC /* CALayer+BaseAnimation.m in Sources */ = {isa = PBXBuildFile; fileRef = B6280ABE1E5A95D1000EECBC /* CALayer+BaseAnimation.m */; };
		B6280AEB1E5A95D1000EECBC /* CALayer+BounceAnimation.m in Sources */ = {isa = PBXBuildFile; fileRef = B6280AC01E5A95D1000EECBC /* CALayer+BounceAnimation.m */; };
		B6280AEC1E5A95D1000EECBC /* CALayer+FadeAnimation.m in Sources */ = {isa = PBXBuildFile; fileRef = B6280AC21E5A95D1000EECBC /* CALayer+FadeAnimation.m */; };
		B6280AED1E5A95D1000EECBC /* CALayer+FlipAnimation.m in Sources */ = {isa = PBXBuildFile; fileRef = B6280AC41E5A95D1000EECBC /* CALayer+FlipAnimation.m */; };
		B6280AEE1E5A95D1000EECBC /* CALayer+MoveAniamtion.m in Sources */ = {isa = PBXBuildFile; fileRef = B6280AC61E5A95D1000EECBC /* CALayer+MoveAniamtion.m */; };
		B6280AEF1E5A95D1000EECBC /* CALayer+ResetAnimation.m in Sources */ = {isa = PBXBuildFile; fileRef = B6280AC81E5A95D1000EECBC /* CALayer+ResetAnimation.m */; };
		B6280AF01E5A95D1000EECBC /* CALayer+RotateAnimation.m in Sources */ = {isa = PBXBuildFile; fileRef = B6280ACA1E5A95D1000EECBC /* CALayer+RotateAnimation.m */; };
		B6280AF11E5A95D1000EECBC /* CALayer+ScaleAnimation.m in Sources */ = {isa = PBXBuildFile; fileRef = B6280ACC1E5A95D1000EECBC /* CALayer+ScaleAnimation.m */; };
		B6280AF21E5A95D1000EECBC /* CALayer+SpecialAnimation.m in Sources */ = {isa = PBXBuildFile; fileRef = B6280ACE1E5A95D1000EECBC /* CALayer+SpecialAnimation.m */; };
		B6280AF31E5A95D1000EECBC /* UIView+BaseAnimation.m in Sources */ = {isa = PBXBuildFile; fileRef = B6280AD01E5A95D1000EECBC /* UIView+BaseAnimation.m */; };
		B6280AF41E5A95D1000EECBC /* UIView+BounceAnimation.m in Sources */ = {isa = PBXBuildFile; fileRef = B6280AD21E5A95D1000EECBC /* UIView+BounceAnimation.m */; };
		B6280AF51E5A95D1000EECBC /* UIView+FadeAnimation.m in Sources */ = {isa = PBXBuildFile; fileRef = B6280AD41E5A95D1000EECBC /* UIView+FadeAnimation.m */; };
		B6280AF61E5A95D1000EECBC /* UIView+FlipAnimation.m in Sources */ = {isa = PBXBuildFile; fileRef = B6280AD61E5A95D1000EECBC /* UIView+FlipAnimation.m */; };
		B6280AF71E5A95D1000EECBC /* UIView+MoveAnimation.m in Sources */ = {isa = PBXBuildFile; fileRef = B6280AD81E5A95D1000EECBC /* UIView+MoveAnimation.m */; };
		B6280AF81E5A95D1000EECBC /* UIView+ResetAnimation.m in Sources */ = {isa = PBXBuildFile; fileRef = B6280ADA1E5A95D1000EECBC /* UIView+ResetAnimation.m */; };
		B6280AF91E5A95D1000EECBC /* UIView+RotateAnimation.m in Sources */ = {isa = PBXBuildFile; fileRef = B6280ADC1E5A95D1000EECBC /* UIView+RotateAnimation.m */; };
		B6280AFA1E5A95D1000EECBC /* UIView+ScaleAnimation.m in Sources */ = {isa = PBXBuildFile; fileRef = B6280ADE1E5A95D1000EECBC /* UIView+ScaleAnimation.m */; };
		B6280AFB1E5A95D1000EECBC /* UIView+SpecialAnimation.m in Sources */ = {isa = PBXBuildFile; fileRef = B6280AE01E5A95D1000EECBC /* UIView+SpecialAnimation.m */; };
		B6280AFC1E5A95D1000EECBC /* AndyFoundation.m in Sources */ = {isa = PBXBuildFile; fileRef = B6280AE41E5A95D1000EECBC /* AndyFoundation.m */; };
		B6280AFD1E5A95D1000EECBC /* NSObject+AndyDurex.m in Sources */ = {isa = PBXBuildFile; fileRef = B6280AE61E5A95D1000EECBC /* NSObject+AndyDurex.m */; };
		B6280AFE1E5A95D1000EECBC /* NSObject+AndyKeyValue.m in Sources */ = {isa = PBXBuildFile; fileRef = B6280AE81E5A95D1000EECBC /* NSObject+AndyKeyValue.m */; };
		B6280B081E5A9A92000EECBC /* AndyDictStore.m in Sources */ = {isa = PBXBuildFile; fileRef = B6280B011E5A9A92000EECBC /* AndyDictStore.m */; };
		B6280B091E5A9A92000EECBC /* AndyJsonStore.m in Sources */ = {isa = PBXBuildFile; fileRef = B6280B031E5A9A92000EECBC /* AndyJsonStore.m */; };
		B6280B0A1E5A9A92000EECBC /* AndyUserDefaultsStore.m in Sources */ = {isa = PBXBuildFile; fileRef = B6280B071E5A9A92000EECBC /* AndyUserDefaultsStore.m */; };
		B6280B0D1E5A9B5C000EECBC /* AndyMainViewModel.m in Sources */ = {isa = PBXBuildFile; fileRef = B6280B0C1E5A9B5C000EECBC /* AndyMainViewModel.m */; };
		B6280B101E5A9BF1000EECBC /* AndyConst.m in Sources */ = {isa = PBXBuildFile; fileRef = B6280B0F1E5A9BF1000EECBC /* AndyConst.m */; };
		B6280B131E5A9D1D000EECBC /* AndyFavorDBModel.m in Sources */ = {isa = PBXBuildFile; fileRef = B6280B121E5A9D1D000EECBC /* AndyFavorDBModel.m */; };
		B6280B191E5AC6A9000EECBC /* AndyFavorListResultModel.m in Sources */ = {isa = PBXBuildFile; fileRef = B6280B181E5AC6A9000EECBC /* AndyFavorListResultModel.m */; };
		B6280B1C1E5AC84C000EECBC /* AndyFavorModel.m in Sources */ = {isa = PBXBuildFile; fileRef = B6280B1B1E5AC84C000EECBC /* AndyFavorModel.m */; };
		B6280B201E5B00DE000EECBC /* SPNetworkTool.m in Sources */ = {isa = PBXBuildFile; fileRef = B6280B1F1E5B00DE000EECBC /* SPNetworkTool.m */; };
		B6280B231E5B0166000EECBC /* SVProgressHUD+Andy.m in Sources */ = {isa = PBXBuildFile; fileRef = B6280B221E5B0166000EECBC /* SVProgressHUD+Andy.m */; };
		B63B2A591E5BE56B002A9D1B /* AndyFavorInfoCacheTool.m in Sources */ = {isa = PBXBuildFile; fileRef = B63B2A581E5BE56B002A9D1B /* AndyFavorInfoCacheTool.m */; };
		B6656C991E51BE5B009E26D2 /* main.m in Sources */ = {isa = PBXBuildFile; fileRef = B6656C981E51BE5B009E26D2 /* main.m */; };
		B6656CA41E51BE5B009E26D2 /* Assets.xcassets in Resources */ = {isa = PBXBuildFile; fileRef = B6656CA31E51BE5B009E26D2 /* Assets.xcassets */; };
		B6656CB21E51BE5C009E26D2 /* GrandDB_TestTests.m in Sources */ = {isa = PBXBuildFile; fileRef = B6656CB11E51BE5C009E26D2 /* GrandDB_TestTests.m */; };
		B6656CD31E51BEF2009E26D2 /* AppDelegate.m in Sources */ = {isa = PBXBuildFile; fileRef = B6656CD11E51BEF2009E26D2 /* AppDelegate.m */; };
		B6656CFB1E51C2A7009E26D2 /* FMDatabaseQueue+Async.m in Sources */ = {isa = PBXBuildFile; fileRef = B6656CE41E51C2A7009E26D2 /* FMDatabaseQueue+Async.m */; };
		B6656CFC1E51C2A7009E26D2 /* GYDataContext.m in Sources */ = {isa = PBXBuildFile; fileRef = B6656CE61E51C2A7009E26D2 /* GYDataContext.m */; };
		B6656CFD1E51C2A7009E26D2 /* GYDBRunner.m in Sources */ = {isa = PBXBuildFile; fileRef = B6656CE81E51C2A7009E26D2 /* GYDBRunner.m */; };
		B6656CFE1E51C2A7009E26D2 /* NSObject+DataCenter.m in Sources */ = {isa = PBXBuildFile; fileRef = B6656CEB1E51C2A7009E26D2 /* NSObject+DataCenter.m */; };
		B6656CFF1E51C2A7009E26D2 /* GYDCUtilities.m in Sources */ = {isa = PBXBuildFile; fileRef = B6656CEE1E51C2A7009E26D2 /* GYDCUtilities.m */; };
		B6656D001E51C2A7009E26D2 /* GYReflection.m in Sources */ = {isa = PBXBuildFile; fileRef = B6656CF01E51C2A7009E26D2 /* GYReflection.m */; };
		B6656D011E51C2A7009E26D2 /* AndyGCDGroup.m in Sources */ = {isa = PBXBuildFile; fileRef = B6656CF41E51C2A7009E26D2 /* AndyGCDGroup.m */; };
		B6656D021E51C2A7009E26D2 /* AndyGCDQueue.m in Sources */ = {isa = PBXBuildFile; fileRef = B6656CF61E51C2A7009E26D2 /* AndyGCDQueue.m */; };
		B6656D031E51C2A7009E26D2 /* AndyGCDSemaphore.m in Sources */ = {isa = PBXBuildFile; fileRef = B6656CF81E51C2A7009E26D2 /* AndyGCDSemaphore.m */; };
		B6656D041E51C2A7009E26D2 /* AndyGCDTimer.m in Sources */ = {isa = PBXBuildFile; fileRef = B6656CFA1E51C2A7009E26D2 /* AndyGCDTimer.m */; };
		B6656D071E51C2C2009E26D2 /* AndyUserModel.m in Sources */ = {isa = PBXBuildFile; fileRef = B6656D061E51C2C2009E26D2 /* AndyUserModel.m */; };
		B6656D091E51C2E2009E26D2 /* test.db in Resources */ = {isa = PBXBuildFile; fileRef = B6656D081E51C2E2009E26D2 /* test.db */; };
		B6AC0D351E5D99C4009AAF73 /* MBProgressHUD+Andy.m in Sources */ = {isa = PBXBuildFile; fileRef = B6AC0D341E5D99C4009AAF73 /* MBProgressHUD+Andy.m */; };
		B6BA3A651E5EBC93006E7983 /* AndyProperty.m in Sources */ = {isa = PBXBuildFile; fileRef = B6BA3A641E5EBC93006E7983 /* AndyProperty.m */; };
		B6BA3A681E5EC6C1006E7983 /* NSObject+AndyProperty.m in Sources */ = {isa = PBXBuildFile; fileRef = B6BA3A671E5EC6C1006E7983 /* NSObject+AndyProperty.m */; };
		B6BA3A6B1E5EC6D1006E7983 /* NSObject+AndyClass.m in Sources */ = {isa = PBXBuildFile; fileRef = B6BA3A6A1E5EC6D1006E7983 /* NSObject+AndyClass.m */; };
		B6BA3A6E1E5EDC95006E7983 /* AndyExtensionConst.m in Sources */ = {isa = PBXBuildFile; fileRef = B6BA3A6D1E5EDC95006E7983 /* AndyExtensionConst.m */; };
		B6BA3A831E5EF5D9006E7983 /* AndyStoreConst.m in Sources */ = {isa = PBXBuildFile; fileRef = B6BA3A821E5EF5D9006E7983 /* AndyStoreConst.m */; };
		B6BA3A861E5EF658006E7983 /* AndyGCDConst.m in Sources */ = {isa = PBXBuildFile; fileRef = B6BA3A851E5EF658006E7983 /* AndyGCDConst.m */; };
		B6C724B01E5FE96F00304421 /* AndyDataCenterConst.m in Sources */ = {isa = PBXBuildFile; fileRef = B6C724AF1E5FE96F00304421 /* AndyDataCenterConst.m */; };
		B6C873821E52B07700F127A0 /* AndyMainTableViewController.m in Sources */ = {isa = PBXBuildFile; fileRef = B6C873811E52B07700F127A0 /* AndyMainTableViewController.m */; };
		B6C873861E52B09600F127A0 /* AndyMainTableViewCell.m in Sources */ = {isa = PBXBuildFile; fileRef = B6C873841E52B09600F127A0 /* AndyMainTableViewCell.m */; };
		B6C873871E52B09600F127A0 /* AndyMainTableViewCell.xib in Resources */ = {isa = PBXBuildFile; fileRef = B6C873851E52B09600F127A0 /* AndyMainTableViewCell.xib */; };
		B6C873B41E52B17C00F127A0 /* NSArray+Andy.m in Sources */ = {isa = PBXBuildFile; fileRef = B6C8738B1E52B17C00F127A0 /* NSArray+Andy.m */; };
		B6C873B51E52B17C00F127A0 /* NSData+Andy.m in Sources */ = {isa = PBXBuildFile; fileRef = B6C8738D1E52B17C00F127A0 /* NSData+Andy.m */; };
		B6C873B61E52B17C00F127A0 /* NSDate+Andy.m in Sources */ = {isa = PBXBuildFile; fileRef = B6C8738F1E52B17C00F127A0 /* NSDate+Andy.m */; };
		B6C873B71E52B17C00F127A0 /* NSDictionary+Andy.m in Sources */ = {isa = PBXBuildFile; fileRef = B6C873911E52B17C00F127A0 /* NSDictionary+Andy.m */; };
		B6C873B81E52B17C00F127A0 /* NSError+Andy.m in Sources */ = {isa = PBXBuildFile; fileRef = B6C873931E52B17C00F127A0 /* NSError+Andy.m */; };
		B6C873B91E52B17C00F127A0 /* NSFileManager+Andy.m in Sources */ = {isa = PBXBuildFile; fileRef = B6C873951E52B17C00F127A0 /* NSFileManager+Andy.m */; };
		B6C873BA1E52B17C00F127A0 /* NSObject+Andy.m in Sources */ = {isa = PBXBuildFile; fileRef = B6C873971E52B17C00F127A0 /* NSObject+Andy.m */; };
		B6C873BB1E52B17C00F127A0 /* NSString+Andy.m in Sources */ = {isa = PBXBuildFile; fileRef = B6C873991E52B17C00F127A0 /* NSString+Andy.m */; };
		B6C873BC1E52B17C00F127A0 /* NSTimer+Andy.m in Sources */ = {isa = PBXBuildFile; fileRef = B6C8739B1E52B17C00F127A0 /* NSTimer+Andy.m */; };
		B6C873BE1E52B17C00F127A0 /* UIBarButtonItem+Andy.m in Sources */ = {isa = PBXBuildFile; fileRef = B6C8739F1E52B17C00F127A0 /* UIBarButtonItem+Andy.m */; };
		B6C873BF1E52B17C00F127A0 /* UIButton+Andy.m in Sources */ = {isa = PBXBuildFile; fileRef = B6C873A11E52B17C00F127A0 /* UIButton+Andy.m */; };
		B6C873C01E52B17C00F127A0 /* UIColor+Andy.m in Sources */ = {isa = PBXBuildFile; fileRef = B6C873A31E52B17C00F127A0 /* UIColor+Andy.m */; };
		B6C873C11E52B17C00F127A0 /* UIDevice+Andy.m in Sources */ = {isa = PBXBuildFile; fileRef = B6C873A51E52B17C00F127A0 /* UIDevice+Andy.m */; };
		B6C873C21E52B17C00F127A0 /* UIImage+Andy.m in Sources */ = {isa = PBXBuildFile; fileRef = B6C873A71E52B17C00F127A0 /* UIImage+Andy.m */; };
		B6C873C31E52B17C00F127A0 /* UIImageView+Andy.m in Sources */ = {isa = PBXBuildFile; fileRef = B6C873A91E52B17C00F127A0 /* UIImageView+Andy.m */; };
		B6C873C41E52B17C00F127A0 /* UILabel+Andy.m in Sources */ = {isa = PBXBuildFile; fileRef = B6C873AB1E52B17C00F127A0 /* UILabel+Andy.m */; };
		B6C873C51E52B17C00F127A0 /* UITextField+Andy.m in Sources */ = {isa = PBXBuildFile; fileRef = B6C873AD1E52B17C00F127A0 /* UITextField+Andy.m */; };
		B6C873C61E52B17C00F127A0 /* UIView+Andy.m in Sources */ = {isa = PBXBuildFile; fileRef = B6C873AF1E52B17C00F127A0 /* UIView+Andy.m */; };
		B6C873C71E52B17C00F127A0 /* UIViewController+Andy.m in Sources */ = {isa = PBXBuildFile; fileRef = B6C873B11E52B17C00F127A0 /* UIViewController+Andy.m */; };
		B6C873C81E52B17C00F127A0 /* UIWebView+Andy.m in Sources */ = {isa = PBXBuildFile; fileRef = B6C873B31E52B17C00F127A0 /* UIWebView+Andy.m */; };
/* End PBXBuildFile section */

/* Begin PBXContainerItemProxy section */
		B6656CAE1E51BE5C009E26D2 /* PBXContainerItemProxy */ = {
			isa = PBXContainerItemProxy;
			containerPortal = B6656C8C1E51BE5B009E26D2 /* Project object */;
			proxyType = 1;
			remoteGlobalIDString = B6656C931E51BE5B009E26D2;
			remoteInfo = GrandDB_Test;
		};
		B6656CB91E51BE5C009E26D2 /* PBXContainerItemProxy */ = {
			isa = PBXContainerItemProxy;
			containerPortal = B6656C8C1E51BE5B009E26D2 /* Project object */;
			proxyType = 1;
			remoteGlobalIDString = B6656C931E51BE5B009E26D2;
			remoteInfo = GrandDB_Test;
		};
/* End PBXContainerItemProxy section */

/* Begin PBXFileReference section */
		4C756AEF5A8D2A7765B9C749 /* Pods-GrandDB_Test.release.xcconfig */ = {isa = PBXFileReference; includeInIndex = 1; lastKnownFileType = text.xcconfig; name = "Pods-GrandDB_Test.release.xcconfig"; path = "Pods/Target Support Files/Pods-GrandDB_Test/Pods-GrandDB_Test.release.xcconfig"; sourceTree = "<group>"; };
		7A07C88A73A46DB229F27FF7 /* Pods_GrandDB_Test.framework */ = {isa = PBXFileReference; explicitFileType = wrapper.framework; includeInIndex = 0; path = Pods_GrandDB_Test.framework; sourceTree = BUILT_PRODUCTS_DIR; };
		95C696D63EB6DC7B4BFC77C3 /* Pods-GrandDB_Test.debug.xcconfig */ = {isa = PBXFileReference; includeInIndex = 1; lastKnownFileType = text.xcconfig; name = "Pods-GrandDB_Test.debug.xcconfig"; path = "Pods/Target Support Files/Pods-GrandDB_Test/Pods-GrandDB_Test.debug.xcconfig"; sourceTree = "<group>"; };
		B6168A481E55A4E8000ED712 /* XCTestCaseBase.h */ = {isa = PBXFileReference; fileEncoding = 4; lastKnownFileType = sourcecode.c.h; path = XCTestCaseBase.h; sourceTree = "<group>"; };
		B6168A491E55A4E8000ED712 /* XCTestCaseBase.m */ = {isa = PBXFileReference; fileEncoding = 4; lastKnownFileType = sourcecode.c.objc; path = XCTestCaseBase.m; sourceTree = "<group>"; };
		B6168A5D1E55A5D9000ED712 /* AndyMainVCTests.h */ = {isa = PBXFileReference; fileEncoding = 4; lastKnownFileType = sourcecode.c.h; path = AndyMainVCTests.h; sourceTree = "<group>"; };
		B6168A5E1E55A5D9000ED712 /* AndyMainVCTests.m */ = {isa = PBXFileReference; fileEncoding = 4; lastKnownFileType = sourcecode.c.objc; path = AndyMainVCTests.m; sourceTree = "<group>"; };
		B6168A601E55AE41000ED712 /* Info.plist */ = {isa = PBXFileReference; fileEncoding = 4; lastKnownFileType = text.plist.xml; path = Info.plist; sourceTree = "<group>"; };
		B6280AB01E5A9327000EECBC /* AndyFavorBaseModel.h */ = {isa = PBXFileReference; fileEncoding = 4; lastKnownFileType = sourcecode.c.h; path = AndyFavorBaseModel.h; sourceTree = "<group>"; };
		B6280AB11E5A9327000EECBC /* AndyFavorBaseModel.m */ = {isa = PBXFileReference; fileEncoding = 4; lastKnownFileType = sourcecode.c.objc; path = AndyFavorBaseModel.m; sourceTree = "<group>"; };
		B6280AB31E5A935D000EECBC /* AndyFavorListModel.h */ = {isa = PBXFileReference; fileEncoding = 4; lastKnownFileType = sourcecode.c.h; path = AndyFavorListModel.h; sourceTree = "<group>"; };
		B6280AB41E5A935D000EECBC /* AndyFavorListModel.m */ = {isa = PBXFileReference; fileEncoding = 4; lastKnownFileType = sourcecode.c.objc; path = AndyFavorListModel.m; sourceTree = "<group>"; };
		B6280AB61E5A937D000EECBC /* AndyFavorResultModel.h */ = {isa = PBXFileReference; fileEncoding = 4; lastKnownFileType = sourcecode.c.h; path = AndyFavorResultModel.h; sourceTree = "<group>"; };
		B6280AB71E5A937D000EECBC /* AndyFavorResultModel.m */ = {isa = PBXFileReference; fileEncoding = 4; lastKnownFileType = sourcecode.c.objc; path = AndyFavorResultModel.m; sourceTree = "<group>"; };
		B6280ABA1E5A95D1000EECBC /* AndyAnimation.h */ = {isa = PBXFileReference; fileEncoding = 4; lastKnownFileType = sourcecode.c.h; path = AndyAnimation.h; sourceTree = "<group>"; };
		B6280ABB1E5A95D1000EECBC /* AndyAnimationConst.h */ = {isa = PBXFileReference; fileEncoding = 4; lastKnownFileType = sourcecode.c.h; path = AndyAnimationConst.h; sourceTree = "<group>"; };
		B6280ABC1E5A95D1000EECBC /* AndyAnimationConst.m */ = {isa = PBXFileReference; fileEncoding = 4; lastKnownFileType = sourcecode.c.objc; path = AndyAnimationConst.m; sourceTree = "<group>"; };
		B6280ABD1E5A95D1000EECBC /* CALayer+BaseAnimation.h */ = {isa = PBXFileReference; fileEncoding = 4; lastKnownFileType = sourcecode.c.h; path = "CALayer+BaseAnimation.h"; sourceTree = "<group>"; };
		B6280ABE1E5A95D1000EECBC /* CALayer+BaseAnimation.m */ = {isa = PBXFileReference; fileEncoding = 4; lastKnownFileType = sourcecode.c.objc; path = "CALayer+BaseAnimation.m"; sourceTree = "<group>"; };
		B6280ABF1E5A95D1000EECBC /* CALayer+BounceAnimation.h */ = {isa = PBXFileReference; fileEncoding = 4; lastKnownFileType = sourcecode.c.h; path = "CALayer+BounceAnimation.h"; sourceTree = "<group>"; };
		B6280AC01E5A95D1000EECBC /* CALayer+BounceAnimation.m */ = {isa = PBXFileReference; fileEncoding = 4; lastKnownFileType = sourcecode.c.objc; path = "CALayer+BounceAnimation.m"; sourceTree = "<group>"; };
		B6280AC11E5A95D1000EECBC /* CALayer+FadeAnimation.h */ = {isa = PBXFileReference; fileEncoding = 4; lastKnownFileType = sourcecode.c.h; path = "CALayer+FadeAnimation.h"; sourceTree = "<group>"; };
		B6280AC21E5A95D1000EECBC /* CALayer+FadeAnimation.m */ = {isa = PBXFileReference; fileEncoding = 4; lastKnownFileType = sourcecode.c.objc; path = "CALayer+FadeAnimation.m"; sourceTree = "<group>"; };
		B6280AC31E5A95D1000EECBC /* CALayer+FlipAnimation.h */ = {isa = PBXFileReference; fileEncoding = 4; lastKnownFileType = sourcecode.c.h; path = "CALayer+FlipAnimation.h"; sourceTree = "<group>"; };
		B6280AC41E5A95D1000EECBC /* CALayer+FlipAnimation.m */ = {isa = PBXFileReference; fileEncoding = 4; lastKnownFileType = sourcecode.c.objc; path = "CALayer+FlipAnimation.m"; sourceTree = "<group>"; };
		B6280AC51E5A95D1000EECBC /* CALayer+MoveAniamtion.h */ = {isa = PBXFileReference; fileEncoding = 4; lastKnownFileType = sourcecode.c.h; path = "CALayer+MoveAniamtion.h"; sourceTree = "<group>"; };
		B6280AC61E5A95D1000EECBC /* CALayer+MoveAniamtion.m */ = {isa = PBXFileReference; fileEncoding = 4; lastKnownFileType = sourcecode.c.objc; path = "CALayer+MoveAniamtion.m"; sourceTree = "<group>"; };
		B6280AC71E5A95D1000EECBC /* CALayer+ResetAnimation.h */ = {isa = PBXFileReference; fileEncoding = 4; lastKnownFileType = sourcecode.c.h; path = "CALayer+ResetAnimation.h"; sourceTree = "<group>"; };
		B6280AC81E5A95D1000EECBC /* CALayer+ResetAnimation.m */ = {isa = PBXFileReference; fileEncoding = 4; lastKnownFileType = sourcecode.c.objc; path = "CALayer+ResetAnimation.m"; sourceTree = "<group>"; };
		B6280AC91E5A95D1000EECBC /* CALayer+RotateAnimation.h */ = {isa = PBXFileReference; fileEncoding = 4; lastKnownFileType = sourcecode.c.h; path = "CALayer+RotateAnimation.h"; sourceTree = "<group>"; };
		B6280ACA1E5A95D1000EECBC /* CALayer+RotateAnimation.m */ = {isa = PBXFileReference; fileEncoding = 4; lastKnownFileType = sourcecode.c.objc; path = "CALayer+RotateAnimation.m"; sourceTree = "<group>"; };
		B6280ACB1E5A95D1000EECBC /* CALayer+ScaleAnimation.h */ = {isa = PBXFileReference; fileEncoding = 4; lastKnownFileType = sourcecode.c.h; path = "CALayer+ScaleAnimation.h"; sourceTree = "<group>"; };
		B6280ACC1E5A95D1000EECBC /* CALayer+ScaleAnimation.m */ = {isa = PBXFileReference; fileEncoding = 4; lastKnownFileType = sourcecode.c.objc; path = "CALayer+ScaleAnimation.m"; sourceTree = "<group>"; };
		B6280ACD1E5A95D1000EECBC /* CALayer+SpecialAnimation.h */ = {isa = PBXFileReference; fileEncoding = 4; lastKnownFileType = sourcecode.c.h; path = "CALayer+SpecialAnimation.h"; sourceTree = "<group>"; };
		B6280ACE1E5A95D1000EECBC /* CALayer+SpecialAnimation.m */ = {isa = PBXFileReference; fileEncoding = 4; lastKnownFileType = sourcecode.c.objc; path = "CALayer+SpecialAnimation.m"; sourceTree = "<group>"; };
		B6280ACF1E5A95D1000EECBC /* UIView+BaseAnimation.h */ = {isa = PBXFileReference; fileEncoding = 4; lastKnownFileType = sourcecode.c.h; path = "UIView+BaseAnimation.h"; sourceTree = "<group>"; };
		B6280AD01E5A95D1000EECBC /* UIView+BaseAnimation.m */ = {isa = PBXFileReference; fileEncoding = 4; lastKnownFileType = sourcecode.c.objc; path = "UIView+BaseAnimation.m"; sourceTree = "<group>"; };
		B6280AD11E5A95D1000EECBC /* UIView+BounceAnimation.h */ = {isa = PBXFileReference; fileEncoding = 4; lastKnownFileType = sourcecode.c.h; path = "UIView+BounceAnimation.h"; sourceTree = "<group>"; };
		B6280AD21E5A95D1000EECBC /* UIView+BounceAnimation.m */ = {isa = PBXFileReference; fileEncoding = 4; lastKnownFileType = sourcecode.c.objc; path = "UIView+BounceAnimation.m"; sourceTree = "<group>"; };
		B6280AD31E5A95D1000EECBC /* UIView+FadeAnimation.h */ = {isa = PBXFileReference; fileEncoding = 4; lastKnownFileType = sourcecode.c.h; path = "UIView+FadeAnimation.h"; sourceTree = "<group>"; };
		B6280AD41E5A95D1000EECBC /* UIView+FadeAnimation.m */ = {isa = PBXFileReference; fileEncoding = 4; lastKnownFileType = sourcecode.c.objc; path = "UIView+FadeAnimation.m"; sourceTree = "<group>"; };
		B6280AD51E5A95D1000EECBC /* UIView+FlipAnimation.h */ = {isa = PBXFileReference; fileEncoding = 4; lastKnownFileType = sourcecode.c.h; path = "UIView+FlipAnimation.h"; sourceTree = "<group>"; };
		B6280AD61E5A95D1000EECBC /* UIView+FlipAnimation.m */ = {isa = PBXFileReference; fileEncoding = 4; lastKnownFileType = sourcecode.c.objc; path = "UIView+FlipAnimation.m"; sourceTree = "<group>"; };
		B6280AD71E5A95D1000EECBC /* UIView+MoveAnimation.h */ = {isa = PBXFileReference; fileEncoding = 4; lastKnownFileType = sourcecode.c.h; path = "UIView+MoveAnimation.h"; sourceTree = "<group>"; };
		B6280AD81E5A95D1000EECBC /* UIView+MoveAnimation.m */ = {isa = PBXFileReference; fileEncoding = 4; lastKnownFileType = sourcecode.c.objc; path = "UIView+MoveAnimation.m"; sourceTree = "<group>"; };
		B6280AD91E5A95D1000EECBC /* UIView+ResetAnimation.h */ = {isa = PBXFileReference; fileEncoding = 4; lastKnownFileType = sourcecode.c.h; path = "UIView+ResetAnimation.h"; sourceTree = "<group>"; };
		B6280ADA1E5A95D1000EECBC /* UIView+ResetAnimation.m */ = {isa = PBXFileReference; fileEncoding = 4; lastKnownFileType = sourcecode.c.objc; path = "UIView+ResetAnimation.m"; sourceTree = "<group>"; };
		B6280ADB1E5A95D1000EECBC /* UIView+RotateAnimation.h */ = {isa = PBXFileReference; fileEncoding = 4; lastKnownFileType = sourcecode.c.h; path = "UIView+RotateAnimation.h"; sourceTree = "<group>"; };
		B6280ADC1E5A95D1000EECBC /* UIView+RotateAnimation.m */ = {isa = PBXFileReference; fileEncoding = 4; lastKnownFileType = sourcecode.c.objc; path = "UIView+RotateAnimation.m"; sourceTree = "<group>"; };
		B6280ADD1E5A95D1000EECBC /* UIView+ScaleAnimation.h */ = {isa = PBXFileReference; fileEncoding = 4; lastKnownFileType = sourcecode.c.h; path = "UIView+ScaleAnimation.h"; sourceTree = "<group>"; };
		B6280ADE1E5A95D1000EECBC /* UIView+ScaleAnimation.m */ = {isa = PBXFileReference; fileEncoding = 4; lastKnownFileType = sourcecode.c.objc; path = "UIView+ScaleAnimation.m"; sourceTree = "<group>"; };
		B6280ADF1E5A95D1000EECBC /* UIView+SpecialAnimation.h */ = {isa = PBXFileReference; fileEncoding = 4; lastKnownFileType = sourcecode.c.h; path = "UIView+SpecialAnimation.h"; sourceTree = "<group>"; };
		B6280AE01E5A95D1000EECBC /* UIView+SpecialAnimation.m */ = {isa = PBXFileReference; fileEncoding = 4; lastKnownFileType = sourcecode.c.objc; path = "UIView+SpecialAnimation.m"; sourceTree = "<group>"; };
		B6280AE21E5A95D1000EECBC /* AndyExtension.h */ = {isa = PBXFileReference; fileEncoding = 4; lastKnownFileType = sourcecode.c.h; path = AndyExtension.h; sourceTree = "<group>"; };
		B6280AE31E5A95D1000EECBC /* AndyFoundation.h */ = {isa = PBXFileReference; fileEncoding = 4; lastKnownFileType = sourcecode.c.h; path = AndyFoundation.h; sourceTree = "<group>"; };
		B6280AE41E5A95D1000EECBC /* AndyFoundation.m */ = {isa = PBXFileReference; fileEncoding = 4; lastKnownFileType = sourcecode.c.objc; path = AndyFoundation.m; sourceTree = "<group>"; };
		B6280AE51E5A95D1000EECBC /* NSObject+AndyDurex.h */ = {isa = PBXFileReference; fileEncoding = 4; lastKnownFileType = sourcecode.c.h; path = "NSObject+AndyDurex.h"; sourceTree = "<group>"; };
		B6280AE61E5A95D1000EECBC /* NSObject+AndyDurex.m */ = {isa = PBXFileReference; fileEncoding = 4; lastKnownFileType = sourcecode.c.objc; path = "NSObject+AndyDurex.m"; sourceTree = "<group>"; };
		B6280AE71E5A95D1000EECBC /* NSObject+AndyKeyValue.h */ = {isa = PBXFileReference; fileEncoding = 4; lastKnownFileType = sourcecode.c.h; path = "NSObject+AndyKeyValue.h"; sourceTree = "<group>"; };
		B6280AE81E5A95D1000EECBC /* NSObject+AndyKeyValue.m */ = {isa = PBXFileReference; fileEncoding = 4; lastKnownFileType = sourcecode.c.objc; path = "NSObject+AndyKeyValue.m"; sourceTree = "<group>"; };
		B6280B001E5A9A92000EECBC /* AndyDictStore.h */ = {isa = PBXFileReference; fileEncoding = 4; lastKnownFileType = sourcecode.c.h; path = AndyDictStore.h; sourceTree = "<group>"; };
		B6280B011E5A9A92000EECBC /* AndyDictStore.m */ = {isa = PBXFileReference; fileEncoding = 4; lastKnownFileType = sourcecode.c.objc; path = AndyDictStore.m; sourceTree = "<group>"; };
		B6280B021E5A9A92000EECBC /* AndyJsonStore.h */ = {isa = PBXFileReference; fileEncoding = 4; lastKnownFileType = sourcecode.c.h; path = AndyJsonStore.h; sourceTree = "<group>"; };
		B6280B031E5A9A92000EECBC /* AndyJsonStore.m */ = {isa = PBXFileReference; fileEncoding = 4; lastKnownFileType = sourcecode.c.objc; path = AndyJsonStore.m; sourceTree = "<group>"; };
		B6280B041E5A9A92000EECBC /* AndySingleton.h */ = {isa = PBXFileReference; fileEncoding = 4; lastKnownFileType = sourcecode.c.h; path = AndySingleton.h; sourceTree = "<group>"; };
		B6280B051E5A9A92000EECBC /* AndyStore.h */ = {isa = PBXFileReference; fileEncoding = 4; lastKnownFileType = sourcecode.c.h; path = AndyStore.h; sourceTree = "<group>"; };
		B6280B061E5A9A92000EECBC /* AndyUserDefaultsStore.h */ = {isa = PBXFileReference; fileEncoding = 4; lastKnownFileType = sourcecode.c.h; path = AndyUserDefaultsStore.h; sourceTree = "<group>"; };
		B6280B071E5A9A92000EECBC /* AndyUserDefaultsStore.m */ = {isa = PBXFileReference; fileEncoding = 4; lastKnownFileType = sourcecode.c.objc; path = AndyUserDefaultsStore.m; sourceTree = "<group>"; };
		B6280B0B1E5A9B5C000EECBC /* AndyMainViewModel.h */ = {isa = PBXFileReference; fileEncoding = 4; lastKnownFileType = sourcecode.c.h; path = AndyMainViewModel.h; sourceTree = "<group>"; };
		B6280B0C1E5A9B5C000EECBC /* AndyMainViewModel.m */ = {isa = PBXFileReference; fileEncoding = 4; lastKnownFileType = sourcecode.c.objc; path = AndyMainViewModel.m; sourceTree = "<group>"; };
		B6280B0E1E5A9BF1000EECBC /* AndyConst.h */ = {isa = PBXFileReference; fileEncoding = 4; lastKnownFileType = sourcecode.c.h; name = AndyConst.h; path = Tool/AndyConst.h; sourceTree = "<group>"; };
		B6280B0F1E5A9BF1000EECBC /* AndyConst.m */ = {isa = PBXFileReference; fileEncoding = 4; lastKnownFileType = sourcecode.c.objc; name = AndyConst.m; path = Tool/AndyConst.m; sourceTree = "<group>"; };
		B6280B111E5A9D1D000EECBC /* AndyFavorDBModel.h */ = {isa = PBXFileReference; fileEncoding = 4; lastKnownFileType = sourcecode.c.h; path = AndyFavorDBModel.h; sourceTree = "<group>"; };
		B6280B121E5A9D1D000EECBC /* AndyFavorDBModel.m */ = {isa = PBXFileReference; fileEncoding = 4; lastKnownFileType = sourcecode.c.objc; path = AndyFavorDBModel.m; sourceTree = "<group>"; };
		B6280B171E5AC6A9000EECBC /* AndyFavorListResultModel.h */ = {isa = PBXFileReference; fileEncoding = 4; lastKnownFileType = sourcecode.c.h; path = AndyFavorListResultModel.h; sourceTree = "<group>"; };
		B6280B181E5AC6A9000EECBC /* AndyFavorListResultModel.m */ = {isa = PBXFileReference; fileEncoding = 4; lastKnownFileType = sourcecode.c.objc; path = AndyFavorListResultModel.m; sourceTree = "<group>"; };
		B6280B1A1E5AC84C000EECBC /* AndyFavorModel.h */ = {isa = PBXFileReference; fileEncoding = 4; lastKnownFileType = sourcecode.c.h; path = AndyFavorModel.h; sourceTree = "<group>"; };
		B6280B1B1E5AC84C000EECBC /* AndyFavorModel.m */ = {isa = PBXFileReference; fileEncoding = 4; lastKnownFileType = sourcecode.c.objc; path = AndyFavorModel.m; sourceTree = "<group>"; };
		B6280B1E1E5B00DE000EECBC /* SPNetworkTool.h */ = {isa = PBXFileReference; fileEncoding = 4; lastKnownFileType = sourcecode.c.h; path = SPNetworkTool.h; sourceTree = "<group>"; };
		B6280B1F1E5B00DE000EECBC /* SPNetworkTool.m */ = {isa = PBXFileReference; fileEncoding = 4; lastKnownFileType = sourcecode.c.objc; path = SPNetworkTool.m; sourceTree = "<group>"; };
		B6280B211E5B0166000EECBC /* SVProgressHUD+Andy.h */ = {isa = PBXFileReference; fileEncoding = 4; lastKnownFileType = sourcecode.c.h; path = "SVProgressHUD+Andy.h"; sourceTree = "<group>"; };
		B6280B221E5B0166000EECBC /* SVProgressHUD+Andy.m */ = {isa = PBXFileReference; fileEncoding = 4; lastKnownFileType = sourcecode.c.objc; path = "SVProgressHUD+Andy.m"; sourceTree = "<group>"; };
		B63B2A571E5BE56B002A9D1B /* AndyFavorInfoCacheTool.h */ = {isa = PBXFileReference; fileEncoding = 4; lastKnownFileType = sourcecode.c.h; path = AndyFavorInfoCacheTool.h; sourceTree = "<group>"; };
		B63B2A581E5BE56B002A9D1B /* AndyFavorInfoCacheTool.m */ = {isa = PBXFileReference; fileEncoding = 4; lastKnownFileType = sourcecode.c.objc; path = AndyFavorInfoCacheTool.m; sourceTree = "<group>"; };
		B6656C941E51BE5B009E26D2 /* GrandDB_Test.app */ = {isa = PBXFileReference; explicitFileType = wrapper.application; includeInIndex = 0; path = GrandDB_Test.app; sourceTree = BUILT_PRODUCTS_DIR; };
		B6656C981E51BE5B009E26D2 /* main.m */ = {isa = PBXFileReference; lastKnownFileType = sourcecode.c.objc; path = main.m; sourceTree = "<group>"; };
		B6656CA31E51BE5B009E26D2 /* Assets.xcassets */ = {isa = PBXFileReference; lastKnownFileType = folder.assetcatalog; path = Assets.xcassets; sourceTree = "<group>"; };
		B6656CA81E51BE5B009E26D2 /* Info.plist */ = {isa = PBXFileReference; lastKnownFileType = text.plist.xml; path = Info.plist; sourceTree = "<group>"; };
		B6656CAD1E51BE5C009E26D2 /* GrandDB_TestTests.xctest */ = {isa = PBXFileReference; explicitFileType = wrapper.cfbundle; includeInIndex = 0; path = GrandDB_TestTests.xctest; sourceTree = BUILT_PRODUCTS_DIR; };
		B6656CB11E51BE5C009E26D2 /* GrandDB_TestTests.m */ = {isa = PBXFileReference; lastKnownFileType = sourcecode.c.objc; path = GrandDB_TestTests.m; sourceTree = "<group>"; };
		B6656CB31E51BE5C009E26D2 /* Info.plist */ = {isa = PBXFileReference; lastKnownFileType = text.plist.xml; path = Info.plist; sourceTree = "<group>"; };
		B6656CB81E51BE5C009E26D2 /* GrandDB_TestUITests.xctest */ = {isa = PBXFileReference; explicitFileType = wrapper.cfbundle; includeInIndex = 0; path = GrandDB_TestUITests.xctest; sourceTree = BUILT_PRODUCTS_DIR; };
		B6656CD01E51BEF2009E26D2 /* AppDelegate.h */ = {isa = PBXFileReference; fileEncoding = 4; lastKnownFileType = sourcecode.c.h; path = AppDelegate.h; sourceTree = "<group>"; };
		B6656CD11E51BEF2009E26D2 /* AppDelegate.m */ = {isa = PBXFileReference; fileEncoding = 4; lastKnownFileType = sourcecode.c.objc; path = AppDelegate.m; sourceTree = "<group>"; };
		B6656CD41E51BF08009E26D2 /* PrefixHeader.pch */ = {isa = PBXFileReference; lastKnownFileType = sourcecode.c.h; path = PrefixHeader.pch; sourceTree = "<group>"; };
		B6656CD91E51BF7B009E26D2 /* AndyGlobal.h */ = {isa = PBXFileReference; lastKnownFileType = sourcecode.c.h; path = AndyGlobal.h; sourceTree = "<group>"; };
		B6656CDA1E51BF8D009E26D2 /* AndyMacroDefinition.h */ = {isa = PBXFileReference; lastKnownFileType = sourcecode.c.h; path = AndyMacroDefinition.h; sourceTree = "<group>"; };
		B6656CE11E51C2A7009E26D2 /* AndyDataCenter.h */ = {isa = PBXFileReference; fileEncoding = 4; lastKnownFileType = sourcecode.c.h; path = AndyDataCenter.h; sourceTree = "<group>"; };
		B6656CE31E51C2A7009E26D2 /* FMDatabaseQueue+Async.h */ = {isa = PBXFileReference; fileEncoding = 4; lastKnownFileType = sourcecode.c.h; path = "FMDatabaseQueue+Async.h"; sourceTree = "<group>"; };
		B6656CE41E51C2A7009E26D2 /* FMDatabaseQueue+Async.m */ = {isa = PBXFileReference; fileEncoding = 4; lastKnownFileType = sourcecode.c.objc; path = "FMDatabaseQueue+Async.m"; sourceTree = "<group>"; };
		B6656CE51E51C2A7009E26D2 /* GYDataContext.h */ = {isa = PBXFileReference; fileEncoding = 4; lastKnownFileType = sourcecode.c.h; path = GYDataContext.h; sourceTree = "<group>"; };
		B6656CE61E51C2A7009E26D2 /* GYDataContext.m */ = {isa = PBXFileReference; fileEncoding = 4; lastKnownFileType = sourcecode.c.objc; path = GYDataContext.m; sourceTree = "<group>"; };
		B6656CE71E51C2A7009E26D2 /* GYDBRunner.h */ = {isa = PBXFileReference; fileEncoding = 4; lastKnownFileType = sourcecode.c.h; path = GYDBRunner.h; sourceTree = "<group>"; };
		B6656CE81E51C2A7009E26D2 /* GYDBRunner.m */ = {isa = PBXFileReference; fileEncoding = 4; lastKnownFileType = sourcecode.c.objc; path = GYDBRunner.m; sourceTree = "<group>"; };
		B6656CE91E51C2A7009E26D2 /* GYModelObjectProtocol.h */ = {isa = PBXFileReference; fileEncoding = 4; lastKnownFileType = sourcecode.c.h; path = GYModelObjectProtocol.h; sourceTree = "<group>"; };
		B6656CEA1E51C2A7009E26D2 /* NSObject+DataCenter.h */ = {isa = PBXFileReference; fileEncoding = 4; lastKnownFileType = sourcecode.c.h; path = "NSObject+DataCenter.h"; sourceTree = "<group>"; };
		B6656CEB1E51C2A7009E26D2 /* NSObject+DataCenter.m */ = {isa = PBXFileReference; fileEncoding = 4; lastKnownFileType = sourcecode.c.objc; path = "NSObject+DataCenter.m"; sourceTree = "<group>"; };
		B6656CED1E51C2A7009E26D2 /* GYDCUtilities.h */ = {isa = PBXFileReference; fileEncoding = 4; lastKnownFileType = sourcecode.c.h; path = GYDCUtilities.h; sourceTree = "<group>"; };
		B6656CEE1E51C2A7009E26D2 /* GYDCUtilities.m */ = {isa = PBXFileReference; fileEncoding = 4; lastKnownFileType = sourcecode.c.objc; path = GYDCUtilities.m; sourceTree = "<group>"; };
		B6656CEF1E51C2A7009E26D2 /* GYReflection.h */ = {isa = PBXFileReference; fileEncoding = 4; lastKnownFileType = sourcecode.c.h; path = GYReflection.h; sourceTree = "<group>"; };
		B6656CF01E51C2A7009E26D2 /* GYReflection.m */ = {isa = PBXFileReference; fileEncoding = 4; lastKnownFileType = sourcecode.c.objc; path = GYReflection.m; sourceTree = "<group>"; };
		B6656CF21E51C2A7009E26D2 /* AndyGCD.h */ = {isa = PBXFileReference; fileEncoding = 4; lastKnownFileType = sourcecode.c.h; path = AndyGCD.h; sourceTree = "<group>"; };
		B6656CF31E51C2A7009E26D2 /* AndyGCDGroup.h */ = {isa = PBXFileReference; fileEncoding = 4; lastKnownFileType = sourcecode.c.h; path = AndyGCDGroup.h; sourceTree = "<group>"; };
		B6656CF41E51C2A7009E26D2 /* AndyGCDGroup.m */ = {isa = PBXFileReference; fileEncoding = 4; lastKnownFileType = sourcecode.c.objc; path = AndyGCDGroup.m; sourceTree = "<group>"; };
		B6656CF51E51C2A7009E26D2 /* AndyGCDQueue.h */ = {isa = PBXFileReference; fileEncoding = 4; lastKnownFileType = sourcecode.c.h; path = AndyGCDQueue.h; sourceTree = "<group>"; };
		B6656CF61E51C2A7009E26D2 /* AndyGCDQueue.m */ = {isa = PBXFileReference; fileEncoding = 4; lastKnownFileType = sourcecode.c.objc; path = AndyGCDQueue.m; sourceTree = "<group>"; };
		B6656CF71E51C2A7009E26D2 /* AndyGCDSemaphore.h */ = {isa = PBXFileReference; fileEncoding = 4; lastKnownFileType = sourcecode.c.h; path = AndyGCDSemaphore.h; sourceTree = "<group>"; };
		B6656CF81E51C2A7009E26D2 /* AndyGCDSemaphore.m */ = {isa = PBXFileReference; fileEncoding = 4; lastKnownFileType = sourcecode.c.objc; path = AndyGCDSemaphore.m; sourceTree = "<group>"; };
		B6656CF91E51C2A7009E26D2 /* AndyGCDTimer.h */ = {isa = PBXFileReference; fileEncoding = 4; lastKnownFileType = sourcecode.c.h; path = AndyGCDTimer.h; sourceTree = "<group>"; };
		B6656CFA1E51C2A7009E26D2 /* AndyGCDTimer.m */ = {isa = PBXFileReference; fileEncoding = 4; lastKnownFileType = sourcecode.c.objc; path = AndyGCDTimer.m; sourceTree = "<group>"; };
		B6656D051E51C2C2009E26D2 /* AndyUserModel.h */ = {isa = PBXFileReference; fileEncoding = 4; lastKnownFileType = sourcecode.c.h; path = AndyUserModel.h; sourceTree = "<group>"; };
		B6656D061E51C2C2009E26D2 /* AndyUserModel.m */ = {isa = PBXFileReference; fileEncoding = 4; lastKnownFileType = sourcecode.c.objc; path = AndyUserModel.m; sourceTree = "<group>"; };
		B6656D081E51C2E2009E26D2 /* test.db */ = {isa = PBXFileReference; lastKnownFileType = file; path = test.db; sourceTree = "<group>"; };
		B6AC0D331E5D99C4009AAF73 /* MBProgressHUD+Andy.h */ = {isa = PBXFileReference; fileEncoding = 4; lastKnownFileType = sourcecode.c.h; path = "MBProgressHUD+Andy.h"; sourceTree = "<group>"; };
		B6AC0D341E5D99C4009AAF73 /* MBProgressHUD+Andy.m */ = {isa = PBXFileReference; fileEncoding = 4; lastKnownFileType = sourcecode.c.objc; path = "MBProgressHUD+Andy.m"; sourceTree = "<group>"; };
		B6BA3A631E5EBC93006E7983 /* AndyProperty.h */ = {isa = PBXFileReference; fileEncoding = 4; lastKnownFileType = sourcecode.c.h; path = AndyProperty.h; sourceTree = "<group>"; };
		B6BA3A641E5EBC93006E7983 /* AndyProperty.m */ = {isa = PBXFileReference; fileEncoding = 4; lastKnownFileType = sourcecode.c.objc; path = AndyProperty.m; sourceTree = "<group>"; };
		B6BA3A661E5EC6C1006E7983 /* NSObject+AndyProperty.h */ = {isa = PBXFileReference; fileEncoding = 4; lastKnownFileType = sourcecode.c.h; path = "NSObject+AndyProperty.h"; sourceTree = "<group>"; };
		B6BA3A671E5EC6C1006E7983 /* NSObject+AndyProperty.m */ = {isa = PBXFileReference; fileEncoding = 4; lastKnownFileType = sourcecode.c.objc; path = "NSObject+AndyProperty.m"; sourceTree = "<group>"; };
		B6BA3A691E5EC6D1006E7983 /* NSObject+AndyClass.h */ = {isa = PBXFileReference; fileEncoding = 4; lastKnownFileType = sourcecode.c.h; path = "NSObject+AndyClass.h"; sourceTree = "<group>"; };
		B6BA3A6A1E5EC6D1006E7983 /* NSObject+AndyClass.m */ = {isa = PBXFileReference; fileEncoding = 4; lastKnownFileType = sourcecode.c.objc; path = "NSObject+AndyClass.m"; sourceTree = "<group>"; };
		B6BA3A6C1E5EDC95006E7983 /* AndyExtensionConst.h */ = {isa = PBXFileReference; fileEncoding = 4; lastKnownFileType = sourcecode.c.h; path = AndyExtensionConst.h; sourceTree = "<group>"; };
		B6BA3A6D1E5EDC95006E7983 /* AndyExtensionConst.m */ = {isa = PBXFileReference; fileEncoding = 4; lastKnownFileType = sourcecode.c.objc; path = AndyExtensionConst.m; sourceTree = "<group>"; };
		B6BA3A811E5EF5D9006E7983 /* AndyStoreConst.h */ = {isa = PBXFileReference; fileEncoding = 4; lastKnownFileType = sourcecode.c.h; path = AndyStoreConst.h; sourceTree = "<group>"; };
		B6BA3A821E5EF5D9006E7983 /* AndyStoreConst.m */ = {isa = PBXFileReference; fileEncoding = 4; lastKnownFileType = sourcecode.c.objc; path = AndyStoreConst.m; sourceTree = "<group>"; };
		B6BA3A841E5EF658006E7983 /* AndyGCDConst.h */ = {isa = PBXFileReference; fileEncoding = 4; lastKnownFileType = sourcecode.c.h; path = AndyGCDConst.h; sourceTree = "<group>"; };
		B6BA3A851E5EF658006E7983 /* AndyGCDConst.m */ = {isa = PBXFileReference; fileEncoding = 4; lastKnownFileType = sourcecode.c.objc; path = AndyGCDConst.m; sourceTree = "<group>"; };
		B6C724AE1E5FE96F00304421 /* AndyDataCenterConst.h */ = {isa = PBXFileReference; fileEncoding = 4; lastKnownFileType = sourcecode.c.h; path = AndyDataCenterConst.h; sourceTree = "<group>"; };
		B6C724AF1E5FE96F00304421 /* AndyDataCenterConst.m */ = {isa = PBXFileReference; fileEncoding = 4; lastKnownFileType = sourcecode.c.objc; path = AndyDataCenterConst.m; sourceTree = "<group>"; };
		B6C873801E52B07700F127A0 /* AndyMainTableViewController.h */ = {isa = PBXFileReference; fileEncoding = 4; lastKnownFileType = sourcecode.c.h; path = AndyMainTableViewController.h; sourceTree = "<group>"; };
		B6C873811E52B07700F127A0 /* AndyMainTableViewController.m */ = {isa = PBXFileReference; fileEncoding = 4; lastKnownFileType = sourcecode.c.objc; path = AndyMainTableViewController.m; sourceTree = "<group>"; };
		B6C873831E52B09600F127A0 /* AndyMainTableViewCell.h */ = {isa = PBXFileReference; fileEncoding = 4; lastKnownFileType = sourcecode.c.h; path = AndyMainTableViewCell.h; sourceTree = "<group>"; };
		B6C873841E52B09600F127A0 /* AndyMainTableViewCell.m */ = {isa = PBXFileReference; fileEncoding = 4; lastKnownFileType = sourcecode.c.objc; path = AndyMainTableViewCell.m; sourceTree = "<group>"; };
		B6C873851E52B09600F127A0 /* AndyMainTableViewCell.xib */ = {isa = PBXFileReference; fileEncoding = 4; lastKnownFileType = file.xib; path = AndyMainTableViewCell.xib; sourceTree = "<group>"; };
		B6C873891E52B17C00F127A0 /* AndyCategory.h */ = {isa = PBXFileReference; fileEncoding = 4; lastKnownFileType = sourcecode.c.h; path = AndyCategory.h; sourceTree = "<group>"; };
		B6C8738A1E52B17C00F127A0 /* NSArray+Andy.h */ = {isa = PBXFileReference; fileEncoding = 4; lastKnownFileType = sourcecode.c.h; path = "NSArray+Andy.h"; sourceTree = "<group>"; };
		B6C8738B1E52B17C00F127A0 /* NSArray+Andy.m */ = {isa = PBXFileReference; fileEncoding = 4; lastKnownFileType = sourcecode.c.objc; path = "NSArray+Andy.m"; sourceTree = "<group>"; };
		B6C8738C1E52B17C00F127A0 /* NSData+Andy.h */ = {isa = PBXFileReference; fileEncoding = 4; lastKnownFileType = sourcecode.c.h; path = "NSData+Andy.h"; sourceTree = "<group>"; };
		B6C8738D1E52B17C00F127A0 /* NSData+Andy.m */ = {isa = PBXFileReference; fileEncoding = 4; lastKnownFileType = sourcecode.c.objc; path = "NSData+Andy.m"; sourceTree = "<group>"; };
		B6C8738E1E52B17C00F127A0 /* NSDate+Andy.h */ = {isa = PBXFileReference; fileEncoding = 4; lastKnownFileType = sourcecode.c.h; path = "NSDate+Andy.h"; sourceTree = "<group>"; };
		B6C8738F1E52B17C00F127A0 /* NSDate+Andy.m */ = {isa = PBXFileReference; fileEncoding = 4; lastKnownFileType = sourcecode.c.objc; path = "NSDate+Andy.m"; sourceTree = "<group>"; };
		B6C873901E52B17C00F127A0 /* NSDictionary+Andy.h */ = {isa = PBXFileReference; fileEncoding = 4; lastKnownFileType = sourcecode.c.h; path = "NSDictionary+Andy.h"; sourceTree = "<group>"; };
		B6C873911E52B17C00F127A0 /* NSDictionary+Andy.m */ = {isa = PBXFileReference; fileEncoding = 4; lastKnownFileType = sourcecode.c.objc; path = "NSDictionary+Andy.m"; sourceTree = "<group>"; };
		B6C873921E52B17C00F127A0 /* NSError+Andy.h */ = {isa = PBXFileReference; fileEncoding = 4; lastKnownFileType = sourcecode.c.h; path = "NSError+Andy.h"; sourceTree = "<group>"; };
		B6C873931E52B17C00F127A0 /* NSError+Andy.m */ = {isa = PBXFileReference; fileEncoding = 4; lastKnownFileType = sourcecode.c.objc; path = "NSError+Andy.m"; sourceTree = "<group>"; };
		B6C873941E52B17C00F127A0 /* NSFileManager+Andy.h */ = {isa = PBXFileReference; fileEncoding = 4; lastKnownFileType = sourcecode.c.h; path = "NSFileManager+Andy.h"; sourceTree = "<group>"; };
		B6C873951E52B17C00F127A0 /* NSFileManager+Andy.m */ = {isa = PBXFileReference; fileEncoding = 4; lastKnownFileType = sourcecode.c.objc; path = "NSFileManager+Andy.m"; sourceTree = "<group>"; };
		B6C873961E52B17C00F127A0 /* NSObject+Andy.h */ = {isa = PBXFileReference; fileEncoding = 4; lastKnownFileType = sourcecode.c.h; path = "NSObject+Andy.h"; sourceTree = "<group>"; };
		B6C873971E52B17C00F127A0 /* NSObject+Andy.m */ = {isa = PBXFileReference; fileEncoding = 4; lastKnownFileType = sourcecode.c.objc; path = "NSObject+Andy.m"; sourceTree = "<group>"; };
		B6C873981E52B17C00F127A0 /* NSString+Andy.h */ = {isa = PBXFileReference; fileEncoding = 4; lastKnownFileType = sourcecode.c.h; path = "NSString+Andy.h"; sourceTree = "<group>"; };
		B6C873991E52B17C00F127A0 /* NSString+Andy.m */ = {isa = PBXFileReference; fileEncoding = 4; lastKnownFileType = sourcecode.c.objc; path = "NSString+Andy.m"; sourceTree = "<group>"; };
		B6C8739A1E52B17C00F127A0 /* NSTimer+Andy.h */ = {isa = PBXFileReference; fileEncoding = 4; lastKnownFileType = sourcecode.c.h; path = "NSTimer+Andy.h"; sourceTree = "<group>"; };
		B6C8739B1E52B17C00F127A0 /* NSTimer+Andy.m */ = {isa = PBXFileReference; fileEncoding = 4; lastKnownFileType = sourcecode.c.objc; path = "NSTimer+Andy.m"; sourceTree = "<group>"; };
		B6C8739E1E52B17C00F127A0 /* UIBarButtonItem+Andy.h */ = {isa = PBXFileReference; fileEncoding = 4; lastKnownFileType = sourcecode.c.h; path = "UIBarButtonItem+Andy.h"; sourceTree = "<group>"; };
		B6C8739F1E52B17C00F127A0 /* UIBarButtonItem+Andy.m */ = {isa = PBXFileReference; fileEncoding = 4; lastKnownFileType = sourcecode.c.objc; path = "UIBarButtonItem+Andy.m"; sourceTree = "<group>"; };
		B6C873A01E52B17C00F127A0 /* UIButton+Andy.h */ = {isa = PBXFileReference; fileEncoding = 4; lastKnownFileType = sourcecode.c.h; path = "UIButton+Andy.h"; sourceTree = "<group>"; };
		B6C873A11E52B17C00F127A0 /* UIButton+Andy.m */ = {isa = PBXFileReference; fileEncoding = 4; lastKnownFileType = sourcecode.c.objc; path = "UIButton+Andy.m"; sourceTree = "<group>"; };
		B6C873A21E52B17C00F127A0 /* UIColor+Andy.h */ = {isa = PBXFileReference; fileEncoding = 4; lastKnownFileType = sourcecode.c.h; path = "UIColor+Andy.h"; sourceTree = "<group>"; };
		B6C873A31E52B17C00F127A0 /* UIColor+Andy.m */ = {isa = PBXFileReference; fileEncoding = 4; lastKnownFileType = sourcecode.c.objc; path = "UIColor+Andy.m"; sourceTree = "<group>"; };
		B6C873A41E52B17C00F127A0 /* UIDevice+Andy.h */ = {isa = PBXFileReference; fileEncoding = 4; lastKnownFileType = sourcecode.c.h; path = "UIDevice+Andy.h"; sourceTree = "<group>"; };
		B6C873A51E52B17C00F127A0 /* UIDevice+Andy.m */ = {isa = PBXFileReference; fileEncoding = 4; lastKnownFileType = sourcecode.c.objc; path = "UIDevice+Andy.m"; sourceTree = "<group>"; };
		B6C873A61E52B17C00F127A0 /* UIImage+Andy.h */ = {isa = PBXFileReference; fileEncoding = 4; lastKnownFileType = sourcecode.c.h; path = "UIImage+Andy.h"; sourceTree = "<group>"; };
		B6C873A71E52B17C00F127A0 /* UIImage+Andy.m */ = {isa = PBXFileReference; fileEncoding = 4; lastKnownFileType = sourcecode.c.objc; path = "UIImage+Andy.m"; sourceTree = "<group>"; };
		B6C873A81E52B17C00F127A0 /* UIImageView+Andy.h */ = {isa = PBXFileReference; fileEncoding = 4; lastKnownFileType = sourcecode.c.h; path = "UIImageView+Andy.h"; sourceTree = "<group>"; };
		B6C873A91E52B17C00F127A0 /* UIImageView+Andy.m */ = {isa = PBXFileReference; fileEncoding = 4; lastKnownFileType = sourcecode.c.objc; path = "UIImageView+Andy.m"; sourceTree = "<group>"; };
		B6C873AA1E52B17C00F127A0 /* UILabel+Andy.h */ = {isa = PBXFileReference; fileEncoding = 4; lastKnownFileType = sourcecode.c.h; path = "UILabel+Andy.h"; sourceTree = "<group>"; };
		B6C873AB1E52B17C00F127A0 /* UILabel+Andy.m */ = {isa = PBXFileReference; fileEncoding = 4; lastKnownFileType = sourcecode.c.objc; path = "UILabel+Andy.m"; sourceTree = "<group>"; };
		B6C873AC1E52B17C00F127A0 /* UITextField+Andy.h */ = {isa = PBXFileReference; fileEncoding = 4; lastKnownFileType = sourcecode.c.h; path = "UITextField+Andy.h"; sourceTree = "<group>"; };
		B6C873AD1E52B17C00F127A0 /* UITextField+Andy.m */ = {isa = PBXFileReference; fileEncoding = 4; lastKnownFileType = sourcecode.c.objc; path = "UITextField+Andy.m"; sourceTree = "<group>"; };
		B6C873AE1E52B17C00F127A0 /* UIView+Andy.h */ = {isa = PBXFileReference; fileEncoding = 4; lastKnownFileType = sourcecode.c.h; path = "UIView+Andy.h"; sourceTree = "<group>"; };
		B6C873AF1E52B17C00F127A0 /* UIView+Andy.m */ = {isa = PBXFileReference; fileEncoding = 4; lastKnownFileType = sourcecode.c.objc; path = "UIView+Andy.m"; sourceTree = "<group>"; };
		B6C873B01E52B17C00F127A0 /* UIViewController+Andy.h */ = {isa = PBXFileReference; fileEncoding = 4; lastKnownFileType = sourcecode.c.h; path = "UIViewController+Andy.h"; sourceTree = "<group>"; };
		B6C873B11E52B17C00F127A0 /* UIViewController+Andy.m */ = {isa = PBXFileReference; fileEncoding = 4; lastKnownFileType = sourcecode.c.objc; path = "UIViewController+Andy.m"; sourceTree = "<group>"; };
		B6C873B21E52B17C00F127A0 /* UIWebView+Andy.h */ = {isa = PBXFileReference; fileEncoding = 4; lastKnownFileType = sourcecode.c.h; path = "UIWebView+Andy.h"; sourceTree = "<group>"; };
		B6C873B31E52B17C00F127A0 /* UIWebView+Andy.m */ = {isa = PBXFileReference; fileEncoding = 4; lastKnownFileType = sourcecode.c.objc; path = "UIWebView+Andy.m"; sourceTree = "<group>"; };
/* End PBXFileReference section */

/* Begin PBXFrameworksBuildPhase section */
		B6656C911E51BE5B009E26D2 /* Frameworks */ = {
			isa = PBXFrameworksBuildPhase;
			buildActionMask = 2147483647;
			files = (
				04B1E9201D0145FA183FBA3E /* Pods_GrandDB_Test.framework in Frameworks */,
			);
			runOnlyForDeploymentPostprocessing = 0;
		};
		B6656CAA1E51BE5C009E26D2 /* Frameworks */ = {
			isa = PBXFrameworksBuildPhase;
			buildActionMask = 2147483647;
			files = (
			);
			runOnlyForDeploymentPostprocessing = 0;
		};
		B6656CB51E51BE5C009E26D2 /* Frameworks */ = {
			isa = PBXFrameworksBuildPhase;
			buildActionMask = 2147483647;
			files = (
			);
			runOnlyForDeploymentPostprocessing = 0;
		};
/* End PBXFrameworksBuildPhase section */

/* Begin PBXGroup section */
		2BFF1C0B2CE2B3027728AE28 /* Pods */ = {
			isa = PBXGroup;
			children = (
				95C696D63EB6DC7B4BFC77C3 /* Pods-GrandDB_Test.debug.xcconfig */,
				4C756AEF5A8D2A7765B9C749 /* Pods-GrandDB_Test.release.xcconfig */,
			);
			name = Pods;
			sourceTree = "<group>";
		};
		B6168A471E55A4E8000ED712 /* Base */ = {
			isa = PBXGroup;
			children = (
				B6168A481E55A4E8000ED712 /* XCTestCaseBase.h */,
				B6168A491E55A4E8000ED712 /* XCTestCaseBase.m */,
			);
			path = Base;
			sourceTree = "<group>";
		};
		B6280AB91E5A95D1000EECBC /* AndyAnimation */ = {
			isa = PBXGroup;
			children = (
				B6280ABA1E5A95D1000EECBC /* AndyAnimation.h */,
				B6280ABB1E5A95D1000EECBC /* AndyAnimationConst.h */,
				B6280ABC1E5A95D1000EECBC /* AndyAnimationConst.m */,
				B6280ABD1E5A95D1000EECBC /* CALayer+BaseAnimation.h */,
				B6280ABE1E5A95D1000EECBC /* CALayer+BaseAnimation.m */,
				B6280ABF1E5A95D1000EECBC /* CALayer+BounceAnimation.h */,
				B6280AC01E5A95D1000EECBC /* CALayer+BounceAnimation.m */,
				B6280AC11E5A95D1000EECBC /* CALayer+FadeAnimation.h */,
				B6280AC21E5A95D1000EECBC /* CALayer+FadeAnimation.m */,
				B6280AC31E5A95D1000EECBC /* CALayer+FlipAnimation.h */,
				B6280AC41E5A95D1000EECBC /* CALayer+FlipAnimation.m */,
				B6280AC51E5A95D1000EECBC /* CALayer+MoveAniamtion.h */,
				B6280AC61E5A95D1000EECBC /* CALayer+MoveAniamtion.m */,
				B6280AC71E5A95D1000EECBC /* CALayer+ResetAnimation.h */,
				B6280AC81E5A95D1000EECBC /* CALayer+ResetAnimation.m */,
				B6280AC91E5A95D1000EECBC /* CALayer+RotateAnimation.h */,
				B6280ACA1E5A95D1000EECBC /* CALayer+RotateAnimation.m */,
				B6280ACB1E5A95D1000EECBC /* CALayer+ScaleAnimation.h */,
				B6280ACC1E5A95D1000EECBC /* CALayer+ScaleAnimation.m */,
				B6280ACD1E5A95D1000EECBC /* CALayer+SpecialAnimation.h */,
				B6280ACE1E5A95D1000EECBC /* CALayer+SpecialAnimation.m */,
				B6280ACF1E5A95D1000EECBC /* UIView+BaseAnimation.h */,
				B6280AD01E5A95D1000EECBC /* UIView+BaseAnimation.m */,
				B6280AD11E5A95D1000EECBC /* UIView+BounceAnimation.h */,
				B6280AD21E5A95D1000EECBC /* UIView+BounceAnimation.m */,
				B6280AD31E5A95D1000EECBC /* UIView+FadeAnimation.h */,
				B6280AD41E5A95D1000EECBC /* UIView+FadeAnimation.m */,
				B6280AD51E5A95D1000EECBC /* UIView+FlipAnimation.h */,
				B6280AD61E5A95D1000EECBC /* UIView+FlipAnimation.m */,
				B6280AD71E5A95D1000EECBC /* UIView+MoveAnimation.h */,
				B6280AD81E5A95D1000EECBC /* UIView+MoveAnimation.m */,
				B6280AD91E5A95D1000EECBC /* UIView+ResetAnimation.h */,
				B6280ADA1E5A95D1000EECBC /* UIView+ResetAnimation.m */,
				B6280ADB1E5A95D1000EECBC /* UIView+RotateAnimation.h */,
				B6280ADC1E5A95D1000EECBC /* UIView+RotateAnimation.m */,
				B6280ADD1E5A95D1000EECBC /* UIView+ScaleAnimation.h */,
				B6280ADE1E5A95D1000EECBC /* UIView+ScaleAnimation.m */,
				B6280ADF1E5A95D1000EECBC /* UIView+SpecialAnimation.h */,
				B6280AE01E5A95D1000EECBC /* UIView+SpecialAnimation.m */,
			);
			path = AndyAnimation;
			sourceTree = "<group>";
		};
		B6280AE11E5A95D1000EECBC /* AndyExtension */ = {
			isa = PBXGroup;
			children = (
				B6280AE21E5A95D1000EECBC /* AndyExtension.h */,
				B6280AE31E5A95D1000EECBC /* AndyFoundation.h */,
				B6280AE41E5A95D1000EECBC /* AndyFoundation.m */,
				B6280AE51E5A95D1000EECBC /* NSObject+AndyDurex.h */,
				B6280AE61E5A95D1000EECBC /* NSObject+AndyDurex.m */,
				B6280AE71E5A95D1000EECBC /* NSObject+AndyKeyValue.h */,
				B6280AE81E5A95D1000EECBC /* NSObject+AndyKeyValue.m */,
				B6BA3A631E5EBC93006E7983 /* AndyProperty.h */,
				B6BA3A641E5EBC93006E7983 /* AndyProperty.m */,
				B6BA3A661E5EC6C1006E7983 /* NSObject+AndyProperty.h */,
				B6BA3A671E5EC6C1006E7983 /* NSObject+AndyProperty.m */,
				B6BA3A691E5EC6D1006E7983 /* NSObject+AndyClass.h */,
				B6BA3A6A1E5EC6D1006E7983 /* NSObject+AndyClass.m */,
				B6BA3A6C1E5EDC95006E7983 /* AndyExtensionConst.h */,
				B6BA3A6D1E5EDC95006E7983 /* AndyExtensionConst.m */,
			);
			path = AndyExtension;
			sourceTree = "<group>";
		};
		B6280AFF1E5A9A92000EECBC /* AndyStore */ = {
			isa = PBXGroup;
			children = (
				B6280B051E5A9A92000EECBC /* AndyStore.h */,
				B6BA3A811E5EF5D9006E7983 /* AndyStoreConst.h */,
				B6BA3A821E5EF5D9006E7983 /* AndyStoreConst.m */,
				B6280B001E5A9A92000EECBC /* AndyDictStore.h */,
				B6280B011E5A9A92000EECBC /* AndyDictStore.m */,
				B6280B021E5A9A92000EECBC /* AndyJsonStore.h */,
				B6280B031E5A9A92000EECBC /* AndyJsonStore.m */,
				B6280B041E5A9A92000EECBC /* AndySingleton.h */,
				B6280B061E5A9A92000EECBC /* AndyUserDefaultsStore.h */,
				B6280B071E5A9A92000EECBC /* AndyUserDefaultsStore.m */,
			);
			path = AndyStore;
			sourceTree = "<group>";
		};
		B6280B1D1E5B00DE000EECBC /* Network */ = {
			isa = PBXGroup;
			children = (
				B6280B1E1E5B00DE000EECBC /* SPNetworkTool.h */,
				B6280B1F1E5B00DE000EECBC /* SPNetworkTool.m */,
			);
			path = Network;
			sourceTree = "<group>";
		};
		B6656C8B1E51BE5B009E26D2 = {
			isa = PBXGroup;
			children = (
				B6656C961E51BE5B009E26D2 /* GrandDB_Test */,
				B6656CB01E51BE5C009E26D2 /* GrandDB_TestTests */,
				B6656CBB1E51BE5C009E26D2 /* GrandDB_TestUITests */,
				B6656C951E51BE5B009E26D2 /* Products */,
				2BFF1C0B2CE2B3027728AE28 /* Pods */,
				CD29C1D1C3D0E5C3C9210DD7 /* Frameworks */,
			);
			sourceTree = "<group>";
		};
		B6656C951E51BE5B009E26D2 /* Products */ = {
			isa = PBXGroup;
			children = (
				B6656C941E51BE5B009E26D2 /* GrandDB_Test.app */,
				B6656CAD1E51BE5C009E26D2 /* GrandDB_TestTests.xctest */,
				B6656CB81E51BE5C009E26D2 /* GrandDB_TestUITests.xctest */,
			);
			name = Products;
			sourceTree = "<group>";
		};
		B6656C961E51BE5B009E26D2 /* GrandDB_Test */ = {
			isa = PBXGroup;
			children = (
				B6656CCA1E51BEF2009E26D2 /* Classes */,
				B6656C971E51BE5B009E26D2 /* Supporting Files */,
			);
			path = GrandDB_Test;
			sourceTree = "<group>";
		};
		B6656C971E51BE5B009E26D2 /* Supporting Files */ = {
			isa = PBXGroup;
			children = (
				B6656D081E51C2E2009E26D2 /* test.db */,
				B6656CA31E51BE5B009E26D2 /* Assets.xcassets */,
				B6656CA81E51BE5B009E26D2 /* Info.plist */,
				B6656C981E51BE5B009E26D2 /* main.m */,
			);
			name = "Supporting Files";
			sourceTree = "<group>";
		};
		B6656CB01E51BE5C009E26D2 /* GrandDB_TestTests */ = {
			isa = PBXGroup;
			children = (
				B6656CB11E51BE5C009E26D2 /* GrandDB_TestTests.m */,
				B6656CB31E51BE5C009E26D2 /* Info.plist */,
			);
			path = GrandDB_TestTests;
			sourceTree = "<group>";
		};
		B6656CBB1E51BE5C009E26D2 /* GrandDB_TestUITests */ = {
			isa = PBXGroup;
			children = (
				B6168A601E55AE41000ED712 /* Info.plist */,
				B6168A471E55A4E8000ED712 /* Base */,
				B6168A5D1E55A5D9000ED712 /* AndyMainVCTests.h */,
				B6168A5E1E55A5D9000ED712 /* AndyMainVCTests.m */,
			);
			path = GrandDB_TestUITests;
			sourceTree = "<group>";
		};
		B6656CCA1E51BEF2009E26D2 /* Classes */ = {
			isa = PBXGroup;
			children = (
				B6656CCB1E51BEF2009E26D2 /* Main */,
				B6656CCF1E51BEF2009E26D2 /* Other */,
			);
			path = Classes;
			sourceTree = "<group>";
		};
		B6656CCB1E51BEF2009E26D2 /* Main */ = {
			isa = PBXGroup;
			children = (
				B6656CCC1E51BEF2009E26D2 /* Model */,
				B6656CCD1E51BEF2009E26D2 /* View */,
				B6656CCE1E51BEF2009E26D2 /* ViewModel */,
			);
			path = Main;
			sourceTree = "<group>";
		};
		B6656CCC1E51BEF2009E26D2 /* Model */ = {
			isa = PBXGroup;
			children = (
				B6656D051E51C2C2009E26D2 /* AndyUserModel.h */,
				B6656D061E51C2C2009E26D2 /* AndyUserModel.m */,
				B6280B111E5A9D1D000EECBC /* AndyFavorDBModel.h */,
				B6280B121E5A9D1D000EECBC /* AndyFavorDBModel.m */,
				B6280AB01E5A9327000EECBC /* AndyFavorBaseModel.h */,
				B6280AB11E5A9327000EECBC /* AndyFavorBaseModel.m */,
				B6280AB31E5A935D000EECBC /* AndyFavorListModel.h */,
				B6280AB41E5A935D000EECBC /* AndyFavorListModel.m */,
				B6280B171E5AC6A9000EECBC /* AndyFavorListResultModel.h */,
				B6280B181E5AC6A9000EECBC /* AndyFavorListResultModel.m */,
				B6280B1A1E5AC84C000EECBC /* AndyFavorModel.h */,
				B6280B1B1E5AC84C000EECBC /* AndyFavorModel.m */,
				B6280AB61E5A937D000EECBC /* AndyFavorResultModel.h */,
				B6280AB71E5A937D000EECBC /* AndyFavorResultModel.m */,
			);
			path = Model;
			sourceTree = "<group>";
		};
		B6656CCD1E51BEF2009E26D2 /* View */ = {
			isa = PBXGroup;
			children = (
				B6C8737E1E52B07700F127A0 /* Cell */,
				B6C8737F1E52B07700F127A0 /* Controller */,
			);
			path = View;
			sourceTree = "<group>";
		};
		B6656CCE1E51BEF2009E26D2 /* ViewModel */ = {
			isa = PBXGroup;
			children = (
				B6280B0B1E5A9B5C000EECBC /* AndyMainViewModel.h */,
				B6280B0C1E5A9B5C000EECBC /* AndyMainViewModel.m */,
			);
			path = ViewModel;
			sourceTree = "<group>";
		};
		B6656CCF1E51BEF2009E26D2 /* Other */ = {
			isa = PBXGroup;
			children = (
				B6656CD21E51BEF2009E26D2 /* Tool */,
				B6656CD01E51BEF2009E26D2 /* AppDelegate.h */,
				B6656CD11E51BEF2009E26D2 /* AppDelegate.m */,
				B6280B0E1E5A9BF1000EECBC /* AndyConst.h */,
				B6280B0F1E5A9BF1000EECBC /* AndyConst.m */,
				B6656CD41E51BF08009E26D2 /* PrefixHeader.pch */,
				B6656CD91E51BF7B009E26D2 /* AndyGlobal.h */,
				B6656CDA1E51BF8D009E26D2 /* AndyMacroDefinition.h */,
			);
			path = Other;
			sourceTree = "<group>";
		};
		B6656CD21E51BEF2009E26D2 /* Tool */ = {
			isa = PBXGroup;
			children = (
				B6280B1D1E5B00DE000EECBC /* Network */,
				B6280AFF1E5A9A92000EECBC /* AndyStore */,
				B6280AB91E5A95D1000EECBC /* AndyAnimation */,
				B6280AE11E5A95D1000EECBC /* AndyExtension */,
				B6C873881E52B17C00F127A0 /* AndyCategory */,
				B6656CE01E51C2A7009E26D2 /* AndyDataCenter */,
				B6656CF11E51C2A7009E26D2 /* AndyGCD */,
				B63B2A571E5BE56B002A9D1B /* AndyFavorInfoCacheTool.h */,
				B63B2A581E5BE56B002A9D1B /* AndyFavorInfoCacheTool.m */,
			);
			path = Tool;
			sourceTree = "<group>";
		};
		B6656CE01E51C2A7009E26D2 /* AndyDataCenter */ = {
			isa = PBXGroup;
			children = (
				B6656CE11E51C2A7009E26D2 /* AndyDataCenter.h */,
				B6C724AE1E5FE96F00304421 /* AndyDataCenterConst.h */,
				B6C724AF1E5FE96F00304421 /* AndyDataCenterConst.m */,
				B6656CE21E51C2A7009E26D2 /* FMDBExtension */,
				B6656CE51E51C2A7009E26D2 /* GYDataContext.h */,
				B6656CE61E51C2A7009E26D2 /* GYDataContext.m */,
				B6656CE71E51C2A7009E26D2 /* GYDBRunner.h */,
				B6656CE81E51C2A7009E26D2 /* GYDBRunner.m */,
				B6656CE91E51C2A7009E26D2 /* GYModelObjectProtocol.h */,
				B6656CEA1E51C2A7009E26D2 /* NSObject+DataCenter.h */,
				B6656CEB1E51C2A7009E26D2 /* NSObject+DataCenter.m */,
				B6656CEC1E51C2A7009E26D2 /* Utilities */,
			);
			path = AndyDataCenter;
			sourceTree = "<group>";
		};
		B6656CE21E51C2A7009E26D2 /* FMDBExtension */ = {
			isa = PBXGroup;
			children = (
				B6656CE31E51C2A7009E26D2 /* FMDatabaseQueue+Async.h */,
				B6656CE41E51C2A7009E26D2 /* FMDatabaseQueue+Async.m */,
			);
			path = FMDBExtension;
			sourceTree = "<group>";
		};
		B6656CEC1E51C2A7009E26D2 /* Utilities */ = {
			isa = PBXGroup;
			children = (
				B6656CED1E51C2A7009E26D2 /* GYDCUtilities.h */,
				B6656CEE1E51C2A7009E26D2 /* GYDCUtilities.m */,
				B6656CEF1E51C2A7009E26D2 /* GYReflection.h */,
				B6656CF01E51C2A7009E26D2 /* GYReflection.m */,
			);
			path = Utilities;
			sourceTree = "<group>";
		};
		B6656CF11E51C2A7009E26D2 /* AndyGCD */ = {
			isa = PBXGroup;
			children = (
				B6656CF21E51C2A7009E26D2 /* AndyGCD.h */,
				B6BA3A841E5EF658006E7983 /* AndyGCDConst.h */,
				B6BA3A851E5EF658006E7983 /* AndyGCDConst.m */,
				B6656CF31E51C2A7009E26D2 /* AndyGCDGroup.h */,
				B6656CF41E51C2A7009E26D2 /* AndyGCDGroup.m */,
				B6656CF51E51C2A7009E26D2 /* AndyGCDQueue.h */,
				B6656CF61E51C2A7009E26D2 /* AndyGCDQueue.m */,
				B6656CF71E51C2A7009E26D2 /* AndyGCDSemaphore.h */,
				B6656CF81E51C2A7009E26D2 /* AndyGCDSemaphore.m */,
				B6656CF91E51C2A7009E26D2 /* AndyGCDTimer.h */,
				B6656CFA1E51C2A7009E26D2 /* AndyGCDTimer.m */,
			);
			path = AndyGCD;
			sourceTree = "<group>";
		};
		B6C8737E1E52B07700F127A0 /* Cell */ = {
			isa = PBXGroup;
			children = (
				B6C873831E52B09600F127A0 /* AndyMainTableViewCell.h */,
				B6C873841E52B09600F127A0 /* AndyMainTableViewCell.m */,
				B6C873851E52B09600F127A0 /* AndyMainTableViewCell.xib */,
			);
			path = Cell;
			sourceTree = "<group>";
		};
		B6C8737F1E52B07700F127A0 /* Controller */ = {
			isa = PBXGroup;
			children = (
				B6C873801E52B07700F127A0 /* AndyMainTableViewController.h */,
				B6C873811E52B07700F127A0 /* AndyMainTableViewController.m */,
			);
			path = Controller;
			sourceTree = "<group>";
		};
		B6C873881E52B17C00F127A0 /* AndyCategory */ = {
			isa = PBXGroup;
			children = (
				B6C873891E52B17C00F127A0 /* AndyCategory.h */,
				B6AC0D331E5D99C4009AAF73 /* MBProgressHUD+Andy.h */,
				B6AC0D341E5D99C4009AAF73 /* MBProgressHUD+Andy.m */,
				B6280B211E5B0166000EECBC /* SVProgressHUD+Andy.h */,
				B6280B221E5B0166000EECBC /* SVProgressHUD+Andy.m */,
				B6C8738A1E52B17C00F127A0 /* NSArray+Andy.h */,
				B6C8738B1E52B17C00F127A0 /* NSArray+Andy.m */,
				B6C8738C1E52B17C00F127A0 /* NSData+Andy.h */,
				B6C8738D1E52B17C00F127A0 /* NSData+Andy.m */,
				B6C8738E1E52B17C00F127A0 /* NSDate+Andy.h */,
				B6C8738F1E52B17C00F127A0 /* NSDate+Andy.m */,
				B6C873901E52B17C00F127A0 /* NSDictionary+Andy.h */,
				B6C873911E52B17C00F127A0 /* NSDictionary+Andy.m */,
				B6C873921E52B17C00F127A0 /* NSError+Andy.h */,
				B6C873931E52B17C00F127A0 /* NSError+Andy.m */,
				B6C873941E52B17C00F127A0 /* NSFileManager+Andy.h */,
				B6C873951E52B17C00F127A0 /* NSFileManager+Andy.m */,
				B6C873961E52B17C00F127A0 /* NSObject+Andy.h */,
				B6C873971E52B17C00F127A0 /* NSObject+Andy.m */,
				B6C873981E52B17C00F127A0 /* NSString+Andy.h */,
				B6C873991E52B17C00F127A0 /* NSString+Andy.m */,
				B6C8739A1E52B17C00F127A0 /* NSTimer+Andy.h */,
				B6C8739B1E52B17C00F127A0 /* NSTimer+Andy.m */,
				B6C8739E1E52B17C00F127A0 /* UIBarButtonItem+Andy.h */,
				B6C8739F1E52B17C00F127A0 /* UIBarButtonItem+Andy.m */,
				B6C873A01E52B17C00F127A0 /* UIButton+Andy.h */,
				B6C873A11E52B17C00F127A0 /* UIButton+Andy.m */,
				B6C873A21E52B17C00F127A0 /* UIColor+Andy.h */,
				B6C873A31E52B17C00F127A0 /* UIColor+Andy.m */,
				B6C873A41E52B17C00F127A0 /* UIDevice+Andy.h */,
				B6C873A51E52B17C00F127A0 /* UIDevice+Andy.m */,
				B6C873A61E52B17C00F127A0 /* UIImage+Andy.h */,
				B6C873A71E52B17C00F127A0 /* UIImage+Andy.m */,
				B6C873A81E52B17C00F127A0 /* UIImageView+Andy.h */,
				B6C873A91E52B17C00F127A0 /* UIImageView+Andy.m */,
				B6C873AA1E52B17C00F127A0 /* UILabel+Andy.h */,
				B6C873AB1E52B17C00F127A0 /* UILabel+Andy.m */,
				B6C873AC1E52B17C00F127A0 /* UITextField+Andy.h */,
				B6C873AD1E52B17C00F127A0 /* UITextField+Andy.m */,
				B6C873AE1E52B17C00F127A0 /* UIView+Andy.h */,
				B6C873AF1E52B17C00F127A0 /* UIView+Andy.m */,
				B6C873B01E52B17C00F127A0 /* UIViewController+Andy.h */,
				B6C873B11E52B17C00F127A0 /* UIViewController+Andy.m */,
				B6C873B21E52B17C00F127A0 /* UIWebView+Andy.h */,
				B6C873B31E52B17C00F127A0 /* UIWebView+Andy.m */,
			);
			path = AndyCategory;
			sourceTree = "<group>";
		};
		CD29C1D1C3D0E5C3C9210DD7 /* Frameworks */ = {
			isa = PBXGroup;
			children = (
				7A07C88A73A46DB229F27FF7 /* Pods_GrandDB_Test.framework */,
			);
			name = Frameworks;
			sourceTree = "<group>";
		};
/* End PBXGroup section */

/* Begin PBXNativeTarget section */
		B6656C931E51BE5B009E26D2 /* GrandDB_Test */ = {
			isa = PBXNativeTarget;
			buildConfigurationList = B6656CC11E51BE5C009E26D2 /* Build configuration list for PBXNativeTarget "GrandDB_Test" */;
			buildPhases = (
				3FB0E2CFDF92A9541C2245B6 /* [CP] Check Pods Manifest.lock */,
				B6656C901E51BE5B009E26D2 /* Sources */,
				B6656C911E51BE5B009E26D2 /* Frameworks */,
				B6656C921E51BE5B009E26D2 /* Resources */,
				12E09B6ED2F171432F769C01 /* [CP] Embed Pods Frameworks */,
				FAA4394BCCDC23BB8598C91E /* [CP] Copy Pods Resources */,
			);
			buildRules = (
			);
			dependencies = (
			);
			name = GrandDB_Test;
			productName = GrandDB_Test;
			productReference = B6656C941E51BE5B009E26D2 /* GrandDB_Test.app */;
			productType = "com.apple.product-type.application";
		};
		B6656CAC1E51BE5C009E26D2 /* GrandDB_TestTests */ = {
			isa = PBXNativeTarget;
			buildConfigurationList = B6656CC41E51BE5C009E26D2 /* Build configuration list for PBXNativeTarget "GrandDB_TestTests" */;
			buildPhases = (
				B6656CA91E51BE5C009E26D2 /* Sources */,
				B6656CAA1E51BE5C009E26D2 /* Frameworks */,
				B6656CAB1E51BE5C009E26D2 /* Resources */,
			);
			buildRules = (
			);
			dependencies = (
				B6656CAF1E51BE5C009E26D2 /* PBXTargetDependency */,
			);
			name = GrandDB_TestTests;
			productName = GrandDB_TestTests;
			productReference = B6656CAD1E51BE5C009E26D2 /* GrandDB_TestTests.xctest */;
			productType = "com.apple.product-type.bundle.unit-test";
		};
		B6656CB71E51BE5C009E26D2 /* GrandDB_TestUITests */ = {
			isa = PBXNativeTarget;
			buildConfigurationList = B6656CC71E51BE5C009E26D2 /* Build configuration list for PBXNativeTarget "GrandDB_TestUITests" */;
			buildPhases = (
				B6656CB41E51BE5C009E26D2 /* Sources */,
				B6656CB51E51BE5C009E26D2 /* Frameworks */,
				B6656CB61E51BE5C009E26D2 /* Resources */,
			);
			buildRules = (
			);
			dependencies = (
				B6656CBA1E51BE5C009E26D2 /* PBXTargetDependency */,
			);
			name = GrandDB_TestUITests;
			productName = GrandDB_TestUITests;
			productReference = B6656CB81E51BE5C009E26D2 /* GrandDB_TestUITests.xctest */;
			productType = "com.apple.product-type.bundle.ui-testing";
		};
/* End PBXNativeTarget section */

/* Begin PBXProject section */
		B6656C8C1E51BE5B009E26D2 /* Project object */ = {
			isa = PBXProject;
			attributes = {
				CLASSPREFIX = Andy;
				LastUpgradeCheck = 0820;
				ORGANIZATIONNAME = andyshare;
				TargetAttributes = {
					B6656C931E51BE5B009E26D2 = {
						CreatedOnToolsVersion = 8.2.1;
						DevelopmentTeam = 37PBFNZ5HH;
						ProvisioningStyle = Automatic;
					};
					B6656CAC1E51BE5C009E26D2 = {
						CreatedOnToolsVersion = 8.2.1;
						DevelopmentTeam = M3954NS6ZG;
						ProvisioningStyle = Automatic;
						TestTargetID = B6656C931E51BE5B009E26D2;
					};
					B6656CB71E51BE5C009E26D2 = {
						CreatedOnToolsVersion = 8.2.1;
						DevelopmentTeam = 5F5U5TFB26;
						ProvisioningStyle = Manual;
						TestTargetID = B6656C931E51BE5B009E26D2;
					};
				};
			};
			buildConfigurationList = B6656C8F1E51BE5B009E26D2 /* Build configuration list for PBXProject "GrandDB_Test" */;
			compatibilityVersion = "Xcode 3.2";
			developmentRegion = English;
			hasScannedForEncodings = 0;
			knownRegions = (
				en,
				Base,
			);
			mainGroup = B6656C8B1E51BE5B009E26D2;
			productRefGroup = B6656C951E51BE5B009E26D2 /* Products */;
			projectDirPath = "";
			projectRoot = "";
			targets = (
				B6656C931E51BE5B009E26D2 /* GrandDB_Test */,
				B6656CAC1E51BE5C009E26D2 /* GrandDB_TestTests */,
				B6656CB71E51BE5C009E26D2 /* GrandDB_TestUITests */,
			);
		};
/* End PBXProject section */

/* Begin PBXResourcesBuildPhase section */
		B6656C921E51BE5B009E26D2 /* Resources */ = {
			isa = PBXResourcesBuildPhase;
			buildActionMask = 2147483647;
			files = (
				B6656CA41E51BE5B009E26D2 /* Assets.xcassets in Resources */,
				B6C873871E52B09600F127A0 /* AndyMainTableViewCell.xib in Resources */,
				B6656D091E51C2E2009E26D2 /* test.db in Resources */,
			);
			runOnlyForDeploymentPostprocessing = 0;
		};
		B6656CAB1E51BE5C009E26D2 /* Resources */ = {
			isa = PBXResourcesBuildPhase;
			buildActionMask = 2147483647;
			files = (
			);
			runOnlyForDeploymentPostprocessing = 0;
		};
		B6656CB61E51BE5C009E26D2 /* Resources */ = {
			isa = PBXResourcesBuildPhase;
			buildActionMask = 2147483647;
			files = (
				B6168A611E55AE41000ED712 /* Info.plist in Resources */,
			);
			runOnlyForDeploymentPostprocessing = 0;
		};
/* End PBXResourcesBuildPhase section */

/* Begin PBXShellScriptBuildPhase section */
		12E09B6ED2F171432F769C01 /* [CP] Embed Pods Frameworks */ = {
			isa = PBXShellScriptBuildPhase;
			buildActionMask = 2147483647;
			files = (
			);
			inputPaths = (
			);
			name = "[CP] Embed Pods Frameworks";
			outputPaths = (
			);
			runOnlyForDeploymentPostprocessing = 0;
			shellPath = /bin/sh;
			shellScript = "\"${SRCROOT}/Pods/Target Support Files/Pods-GrandDB_Test/Pods-GrandDB_Test-frameworks.sh\"\n";
			showEnvVarsInLog = 0;
		};
		3FB0E2CFDF92A9541C2245B6 /* [CP] Check Pods Manifest.lock */ = {
			isa = PBXShellScriptBuildPhase;
			buildActionMask = 2147483647;
			files = (
			);
			inputPaths = (
			);
			name = "[CP] Check Pods Manifest.lock";
			outputPaths = (
			);
			runOnlyForDeploymentPostprocessing = 0;
			shellPath = /bin/sh;
			shellScript = "diff \"${PODS_PODFILE_DIR_PATH}/Podfile.lock\" \"${PODS_ROOT}/Manifest.lock\" > /dev/null\nif [ $? != 0 ] ; then\n    # print error to STDERR\n    echo \"error: The sandbox is not in sync with the Podfile.lock. Run 'pod install' or update your CocoaPods installation.\" >&2\n    exit 1\nfi\n";
			showEnvVarsInLog = 0;
		};
		FAA4394BCCDC23BB8598C91E /* [CP] Copy Pods Resources */ = {
			isa = PBXShellScriptBuildPhase;
			buildActionMask = 2147483647;
			files = (
			);
			inputPaths = (
			);
			name = "[CP] Copy Pods Resources";
			outputPaths = (
			);
			runOnlyForDeploymentPostprocessing = 0;
			shellPath = /bin/sh;
			shellScript = "\"${SRCROOT}/Pods/Target Support Files/Pods-GrandDB_Test/Pods-GrandDB_Test-resources.sh\"\n";
			showEnvVarsInLog = 0;
		};
/* End PBXShellScriptBuildPhase section */

/* Begin PBXSourcesBuildPhase section */
		B6656C901E51BE5B009E26D2 /* Sources */ = {
			isa = PBXSourcesBuildPhase;
			buildActionMask = 2147483647;
			files = (
				B63B2A591E5BE56B002A9D1B /* AndyFavorInfoCacheTool.m in Sources */,
				B6280AB81E5A937D000EECBC /* AndyFavorResultModel.m in Sources */,
				B6280AED1E5A95D1000EECBC /* CALayer+FlipAnimation.m in Sources */,
				B6280AFD1E5A95D1000EECBC /* NSObject+AndyDurex.m in Sources */,
				B6280B191E5AC6A9000EECBC /* AndyFavorListResultModel.m in Sources */,
				B6280AF01E5A95D1000EECBC /* CALayer+RotateAnimation.m in Sources */,
				B6280AEC1E5A95D1000EECBC /* CALayer+FadeAnimation.m in Sources */,
				B6C873B41E52B17C00F127A0 /* NSArray+Andy.m in Sources */,
				B6C873821E52B07700F127A0 /* AndyMainTableViewController.m in Sources */,
				B6280AF81E5A95D1000EECBC /* UIView+ResetAnimation.m in Sources */,
				B6BA3A681E5EC6C1006E7983 /* NSObject+AndyProperty.m in Sources */,
				B6C873BC1E52B17C00F127A0 /* NSTimer+Andy.m in Sources */,
				B6280AF11E5A95D1000EECBC /* CALayer+ScaleAnimation.m in Sources */,
				B6BA3A651E5EBC93006E7983 /* AndyProperty.m in Sources */,
				B6280AF31E5A95D1000EECBC /* UIView+BaseAnimation.m in Sources */,
				B6656D021E51C2A7009E26D2 /* AndyGCDQueue.m in Sources */,
				B6280AFB1E5A95D1000EECBC /* UIView+SpecialAnimation.m in Sources */,
				B6C873BF1E52B17C00F127A0 /* UIButton+Andy.m in Sources */,
				B6280AFA1E5A95D1000EECBC /* UIView+ScaleAnimation.m in Sources */,
				B6280B131E5A9D1D000EECBC /* AndyFavorDBModel.m in Sources */,
				B6BA3A861E5EF658006E7983 /* AndyGCDConst.m in Sources */,
				B6280B101E5A9BF1000EECBC /* AndyConst.m in Sources */,
				B6C873C01E52B17C00F127A0 /* UIColor+Andy.m in Sources */,
				B6280AF41E5A95D1000EECBC /* UIView+BounceAnimation.m in Sources */,
				B6656CFB1E51C2A7009E26D2 /* FMDatabaseQueue+Async.m in Sources */,
				B6280AF61E5A95D1000EECBC /* UIView+FlipAnimation.m in Sources */,
				B6280AEE1E5A95D1000EECBC /* CALayer+MoveAniamtion.m in Sources */,
				B6280AFC1E5A95D1000EECBC /* AndyFoundation.m in Sources */,
				B6656D001E51C2A7009E26D2 /* GYReflection.m in Sources */,
				B6280AF71E5A95D1000EECBC /* UIView+MoveAnimation.m in Sources */,
				B6656D011E51C2A7009E26D2 /* AndyGCDGroup.m in Sources */,
				B6280B0D1E5A9B5C000EECBC /* AndyMainViewModel.m in Sources */,
				B6C873B51E52B17C00F127A0 /* NSData+Andy.m in Sources */,
				B6C873BA1E52B17C00F127A0 /* NSObject+Andy.m in Sources */,
				B6656CFD1E51C2A7009E26D2 /* GYDBRunner.m in Sources */,
				B6656CFC1E51C2A7009E26D2 /* GYDataContext.m in Sources */,
				B6656CFE1E51C2A7009E26D2 /* NSObject+DataCenter.m in Sources */,
				B6C873BE1E52B17C00F127A0 /* UIBarButtonItem+Andy.m in Sources */,
				B6BA3A831E5EF5D9006E7983 /* AndyStoreConst.m in Sources */,
				B6656D041E51C2A7009E26D2 /* AndyGCDTimer.m in Sources */,
				B6280AE91E5A95D1000EECBC /* AndyAnimationConst.m in Sources */,
				B6280AFE1E5A95D1000EECBC /* NSObject+AndyKeyValue.m in Sources */,
				B6280B0A1E5A9A92000EECBC /* AndyUserDefaultsStore.m in Sources */,
				B6C873B81E52B17C00F127A0 /* NSError+Andy.m in Sources */,
				B6656D031E51C2A7009E26D2 /* AndyGCDSemaphore.m in Sources */,
				B6BA3A6E1E5EDC95006E7983 /* AndyExtensionConst.m in Sources */,
				B6656CD31E51BEF2009E26D2 /* AppDelegate.m in Sources */,
				B6C873C51E52B17C00F127A0 /* UITextField+Andy.m in Sources */,
				B6280AB21E5A9327000EECBC /* AndyFavorBaseModel.m in Sources */,
				B6280AEB1E5A95D1000EECBC /* CALayer+BounceAnimation.m in Sources */,
				B6AC0D351E5D99C4009AAF73 /* MBProgressHUD+Andy.m in Sources */,
				B6C873C71E52B17C00F127A0 /* UIViewController+Andy.m in Sources */,
				B6C873861E52B09600F127A0 /* AndyMainTableViewCell.m in Sources */,
				B6C873B61E52B17C00F127A0 /* NSDate+Andy.m in Sources */,
				B6BA3A6B1E5EC6D1006E7983 /* NSObject+AndyClass.m in Sources */,
				B6280AF91E5A95D1000EECBC /* UIView+RotateAnimation.m in Sources */,
				B6C873C11E52B17C00F127A0 /* UIDevice+Andy.m in Sources */,
				B6C873C81E52B17C00F127A0 /* UIWebView+Andy.m in Sources */,
				B6280AF51E5A95D1000EECBC /* UIView+FadeAnimation.m in Sources */,
				B6656CFF1E51C2A7009E26D2 /* GYDCUtilities.m in Sources */,
				B6C873C31E52B17C00F127A0 /* UIImageView+Andy.m in Sources */,
				B6C873B91E52B17C00F127A0 /* NSFileManager+Andy.m in Sources */,
				B6280AEA1E5A95D1000EECBC /* CALayer+BaseAnimation.m in Sources */,
				B6280AB51E5A935D000EECBC /* AndyFavorListModel.m in Sources */,
				B6656D071E51C2C2009E26D2 /* AndyUserModel.m in Sources */,
				B6C873BB1E52B17C00F127A0 /* NSString+Andy.m in Sources */,
				B6C873C21E52B17C00F127A0 /* UIImage+Andy.m in Sources */,
				B6280AF21E5A95D1000EECBC /* CALayer+SpecialAnimation.m in Sources */,
				B6C873B71E52B17C00F127A0 /* NSDictionary+Andy.m in Sources */,
				B6280B081E5A9A92000EECBC /* AndyDictStore.m in Sources */,
				B6C724B01E5FE96F00304421 /* AndyDataCenterConst.m in Sources */,
				B6280B1C1E5AC84C000EECBC /* AndyFavorModel.m in Sources */,
				B6280AEF1E5A95D1000EECBC /* CALayer+ResetAnimation.m in Sources */,
				B6C873C41E52B17C00F127A0 /* UILabel+Andy.m in Sources */,
				B6280B091E5A9A92000EECBC /* AndyJsonStore.m in Sources */,
				B6C873C61E52B17C00F127A0 /* UIView+Andy.m in Sources */,
				B6280B231E5B0166000EECBC /* SVProgressHUD+Andy.m in Sources */,
				B6656C991E51BE5B009E26D2 /* main.m in Sources */,
				B6280B201E5B00DE000EECBC /* SPNetworkTool.m in Sources */,
			);
			runOnlyForDeploymentPostprocessing = 0;
		};
		B6656CA91E51BE5C009E26D2 /* Sources */ = {
			isa = PBXSourcesBuildPhase;
			buildActionMask = 2147483647;
			files = (
				B6656CB21E51BE5C009E26D2 /* GrandDB_TestTests.m in Sources */,
			);
			runOnlyForDeploymentPostprocessing = 0;
		};
		B6656CB41E51BE5C009E26D2 /* Sources */ = {
			isa = PBXSourcesBuildPhase;
			buildActionMask = 2147483647;
			files = (
				B6168A541E55A4E8000ED712 /* XCTestCaseBase.m in Sources */,
				B6168A5F1E55A5D9000ED712 /* AndyMainVCTests.m in Sources */,
			);
			runOnlyForDeploymentPostprocessing = 0;
		};
/* End PBXSourcesBuildPhase section */

/* Begin PBXTargetDependency section */
		B6656CAF1E51BE5C009E26D2 /* PBXTargetDependency */ = {
			isa = PBXTargetDependency;
			target = B6656C931E51BE5B009E26D2 /* GrandDB_Test */;
			targetProxy = B6656CAE1E51BE5C009E26D2 /* PBXContainerItemProxy */;
		};
		B6656CBA1E51BE5C009E26D2 /* PBXTargetDependency */ = {
			isa = PBXTargetDependency;
			target = B6656C931E51BE5B009E26D2 /* GrandDB_Test */;
			targetProxy = B6656CB91E51BE5C009E26D2 /* PBXContainerItemProxy */;
		};
/* End PBXTargetDependency section */

/* Begin XCBuildConfiguration section */
		B6656CBF1E51BE5C009E26D2 /* Debug */ = {
			isa = XCBuildConfiguration;
			buildSettings = {
				ALWAYS_SEARCH_USER_PATHS = NO;
				CLANG_ANALYZER_NONNULL = YES;
				CLANG_CXX_LANGUAGE_STANDARD = "gnu++0x";
				CLANG_CXX_LIBRARY = "libc++";
				CLANG_ENABLE_MODULES = YES;
				CLANG_ENABLE_OBJC_ARC = YES;
				CLANG_WARN_BOOL_CONVERSION = YES;
				CLANG_WARN_CONSTANT_CONVERSION = YES;
				CLANG_WARN_DIRECT_OBJC_ISA_USAGE = YES_ERROR;
				CLANG_WARN_DOCUMENTATION_COMMENTS = YES;
				CLANG_WARN_EMPTY_BODY = YES;
				CLANG_WARN_ENUM_CONVERSION = YES;
				CLANG_WARN_INFINITE_RECURSION = YES;
				CLANG_WARN_INT_CONVERSION = YES;
				CLANG_WARN_OBJC_ROOT_CLASS = YES_ERROR;
				CLANG_WARN_SUSPICIOUS_MOVE = YES;
				CLANG_WARN_UNREACHABLE_CODE = YES;
				CLANG_WARN__DUPLICATE_METHOD_MATCH = YES;
				"CODE_SIGN_IDENTITY[sdk=iphoneos*]" = "iPhone Developer";
				COPY_PHASE_STRIP = NO;
				DEBUG_INFORMATION_FORMAT = dwarf;
				ENABLE_STRICT_OBJC_MSGSEND = YES;
				ENABLE_TESTABILITY = YES;
				GCC_C_LANGUAGE_STANDARD = gnu99;
				GCC_DYNAMIC_NO_PIC = NO;
				GCC_NO_COMMON_BLOCKS = YES;
				GCC_OPTIMIZATION_LEVEL = 0;
				GCC_PREPROCESSOR_DEFINITIONS = (
					"DEBUG=1",
					"$(inherited)",
				);
				GCC_WARN_64_TO_32_BIT_CONVERSION = YES;
				GCC_WARN_ABOUT_RETURN_TYPE = YES_ERROR;
				GCC_WARN_UNDECLARED_SELECTOR = YES;
				GCC_WARN_UNINITIALIZED_AUTOS = YES_AGGRESSIVE;
				GCC_WARN_UNUSED_FUNCTION = YES;
				GCC_WARN_UNUSED_VARIABLE = YES;
				IPHONEOS_DEPLOYMENT_TARGET = 10.2;
				MTL_ENABLE_DEBUG_INFO = YES;
				ONLY_ACTIVE_ARCH = YES;
				SDKROOT = iphoneos;
				TARGETED_DEVICE_FAMILY = "1,2";
			};
			name = Debug;
		};
		B6656CC01E51BE5C009E26D2 /* Release */ = {
			isa = XCBuildConfiguration;
			buildSettings = {
				ALWAYS_SEARCH_USER_PATHS = NO;
				CLANG_ANALYZER_NONNULL = YES;
				CLANG_CXX_LANGUAGE_STANDARD = "gnu++0x";
				CLANG_CXX_LIBRARY = "libc++";
				CLANG_ENABLE_MODULES = YES;
				CLANG_ENABLE_OBJC_ARC = YES;
				CLANG_WARN_BOOL_CONVERSION = YES;
				CLANG_WARN_CONSTANT_CONVERSION = YES;
				CLANG_WARN_DIRECT_OBJC_ISA_USAGE = YES_ERROR;
				CLANG_WARN_DOCUMENTATION_COMMENTS = YES;
				CLANG_WARN_EMPTY_BODY = YES;
				CLANG_WARN_ENUM_CONVERSION = YES;
				CLANG_WARN_INFINITE_RECURSION = YES;
				CLANG_WARN_INT_CONVERSION = YES;
				CLANG_WARN_OBJC_ROOT_CLASS = YES_ERROR;
				CLANG_WARN_SUSPICIOUS_MOVE = YES;
				CLANG_WARN_UNREACHABLE_CODE = YES;
				CLANG_WARN__DUPLICATE_METHOD_MATCH = YES;
				"CODE_SIGN_IDENTITY[sdk=iphoneos*]" = "iPhone Developer";
				COPY_PHASE_STRIP = NO;
				DEBUG_INFORMATION_FORMAT = "dwarf-with-dsym";
				ENABLE_NS_ASSERTIONS = NO;
				ENABLE_STRICT_OBJC_MSGSEND = YES;
				GCC_C_LANGUAGE_STANDARD = gnu99;
				GCC_NO_COMMON_BLOCKS = YES;
				GCC_WARN_64_TO_32_BIT_CONVERSION = YES;
				GCC_WARN_ABOUT_RETURN_TYPE = YES_ERROR;
				GCC_WARN_UNDECLARED_SELECTOR = YES;
				GCC_WARN_UNINITIALIZED_AUTOS = YES_AGGRESSIVE;
				GCC_WARN_UNUSED_FUNCTION = YES;
				GCC_WARN_UNUSED_VARIABLE = YES;
				IPHONEOS_DEPLOYMENT_TARGET = 10.2;
				MTL_ENABLE_DEBUG_INFO = NO;
				SDKROOT = iphoneos;
				TARGETED_DEVICE_FAMILY = "1,2";
				VALIDATE_PRODUCT = YES;
			};
			name = Release;
		};
		B6656CC21E51BE5C009E26D2 /* Debug */ = {
			isa = XCBuildConfiguration;
			baseConfigurationReference = 95C696D63EB6DC7B4BFC77C3 /* Pods-GrandDB_Test.debug.xcconfig */;
			buildSettings = {
				ASSETCATALOG_COMPILER_APPICON_NAME = AppIcon;
				ASSETCATALOG_COMPILER_LAUNCHIMAGE_NAME = LaunchImage;
				CLANG_ANALYZER_LOCALIZABILITY_EMPTY_CONTEXT = YES;
				CLANG_ANALYZER_LOCALIZABILITY_NONLOCALIZED = YES;
				"CODE_SIGN_IDENTITY[sdk=iphoneos*]" = "iPhone Developer";
				DEVELOPMENT_TEAM = 37PBFNZ5HH;
				GCC_PRECOMPILE_PREFIX_HEADER = YES;
				GCC_PREFIX_HEADER = "${SRCROOT}/GrandDB_Test/Classes/Other/PrefixHeader.pch";
				INFOPLIST_FILE = GrandDB_Test/Info.plist;
				IPHONEOS_DEPLOYMENT_TARGET = 8.0;
				LD_RUNPATH_SEARCH_PATHS = "$(inherited) @executable_path/Frameworks";
				PRODUCT_BUNDLE_IDENTIFIER = andy.andy.andy;
				PRODUCT_NAME = "$(TARGET_NAME)";
				PROVISIONING_PROFILE = "";
				PROVISIONING_PROFILE_SPECIFIER = "";
				USER_HEADER_SEARCH_PATHS = "${SRCROOT}/**";
			};
			name = Debug;
		};
		B6656CC31E51BE5C009E26D2 /* Release */ = {
			isa = XCBuildConfiguration;
			baseConfigurationReference = 4C756AEF5A8D2A7765B9C749 /* Pods-GrandDB_Test.release.xcconfig */;
			buildSettings = {
				ASSETCATALOG_COMPILER_APPICON_NAME = AppIcon;
				ASSETCATALOG_COMPILER_LAUNCHIMAGE_NAME = LaunchImage;
				CLANG_ANALYZER_LOCALIZABILITY_EMPTY_CONTEXT = YES;
				CLANG_ANALYZER_LOCALIZABILITY_NONLOCALIZED = YES;
				"CODE_SIGN_IDENTITY[sdk=iphoneos*]" = "iPhone Developer";
				DEVELOPMENT_TEAM = 37PBFNZ5HH;
				GCC_PRECOMPILE_PREFIX_HEADER = YES;
				GCC_PREFIX_HEADER = "${SRCROOT}/GrandDB_Test/Classes/Other/PrefixHeader.pch";
				INFOPLIST_FILE = GrandDB_Test/Info.plist;
				IPHONEOS_DEPLOYMENT_TARGET = 8.0;
				LD_RUNPATH_SEARCH_PATHS = "$(inherited) @executable_path/Frameworks";
				PRODUCT_BUNDLE_IDENTIFIER = andy.andy.andy;
				PRODUCT_NAME = "$(TARGET_NAME)";
				PROVISIONING_PROFILE = "";
				PROVISIONING_PROFILE_SPECIFIER = "";
				USER_HEADER_SEARCH_PATHS = "${SRCROOT}/**";
			};
			name = Release;
		};
		B6656CC51E51BE5C009E26D2 /* Debug */ = {
			isa = XCBuildConfiguration;
			buildSettings = {
				BUNDLE_LOADER = "$(TEST_HOST)";
				DEVELOPMENT_TEAM = M3954NS6ZG;
				INFOPLIST_FILE = GrandDB_TestTests/Info.plist;
				LD_RUNPATH_SEARCH_PATHS = "$(inherited) @executable_path/Frameworks @loader_path/Frameworks";
				PRODUCT_BUNDLE_IDENTIFIER = "com.lenovo.GrandDB-TestTests";
				PRODUCT_NAME = "$(TARGET_NAME)";
				TEST_HOST = "$(BUILT_PRODUCTS_DIR)/GrandDB_Test.app/GrandDB_Test";
			};
			name = Debug;
		};
		B6656CC61E51BE5C009E26D2 /* Release */ = {
			isa = XCBuildConfiguration;
			buildSettings = {
				BUNDLE_LOADER = "$(TEST_HOST)";
				DEVELOPMENT_TEAM = M3954NS6ZG;
				INFOPLIST_FILE = GrandDB_TestTests/Info.plist;
				LD_RUNPATH_SEARCH_PATHS = "$(inherited) @executable_path/Frameworks @loader_path/Frameworks";
				PRODUCT_BUNDLE_IDENTIFIER = "com.lenovo.GrandDB-TestTests";
				PRODUCT_NAME = "$(TARGET_NAME)";
				TEST_HOST = "$(BUILT_PRODUCTS_DIR)/GrandDB_Test.app/GrandDB_Test";
			};
			name = Release;
		};
		B6656CC81E51BE5C009E26D2 /* Debug */ = {
			isa = XCBuildConfiguration;
			buildSettings = {
				"CODE_SIGN_IDENTITY[sdk=iphoneos*]" = "iPhone Developer";
				DEVELOPMENT_TEAM = 5F5U5TFB26;
				INFOPLIST_FILE = GrandDB_TestUITests/Info.plist;
				IPHONEOS_DEPLOYMENT_TARGET = 10.0;
				LD_RUNPATH_SEARCH_PATHS = "$(inherited) @executable_path/Frameworks @loader_path/Frameworks";
				PRODUCT_BUNDLE_IDENTIFIER = "com.lenovo.GrandDB-TestUITests";
				PRODUCT_NAME = "$(TARGET_NAME)";
				PROVISIONING_PROFILE = "8dc5cf39-cba9-4439-828d-d5e3b9388f09";
				PROVISIONING_PROFILE_SPECIFIER = ushareit_develop_any;
				SWIFT_VERSION = 3.0;
				TEST_TARGET_NAME = GrandDB_Test;
			};
			name = Debug;
		};
		B6656CC91E51BE5C009E26D2 /* Release */ = {
			isa = XCBuildConfiguration;
			buildSettings = {
				"CODE_SIGN_IDENTITY[sdk=iphoneos*]" = "iPhone Developer";
				DEVELOPMENT_TEAM = "";
				INFOPLIST_FILE = GrandDB_TestUITests/Info.plist;
				IPHONEOS_DEPLOYMENT_TARGET = 10.0;
				LD_RUNPATH_SEARCH_PATHS = "$(inherited) @executable_path/Frameworks @loader_path/Frameworks";
				PRODUCT_BUNDLE_IDENTIFIER = "com.lenovo.GrandDB-TestUITests";
				PRODUCT_NAME = "$(TARGET_NAME)";
				SWIFT_VERSION = 3.0;
				TEST_TARGET_NAME = GrandDB_Test;
			};
			name = Release;
		};
/* End XCBuildConfiguration section */

/* Begin XCConfigurationList section */
		B6656C8F1E51BE5B009E26D2 /* Build configuration list for PBXProject "GrandDB_Test" */ = {
			isa = XCConfigurationList;
			buildConfigurations = (
				B6656CBF1E51BE5C009E26D2 /* Debug */,
				B6656CC01E51BE5C009E26D2 /* Release */,
			);
			defaultConfigurationIsVisible = 0;
			defaultConfigurationName = Release;
		};
		B6656CC11E51BE5C009E26D2 /* Build configuration list for PBXNativeTarget "GrandDB_Test" */ = {
			isa = XCConfigurationList;
			buildConfigurations = (
				B6656CC21E51BE5C009E26D2 /* Debug */,
				B6656CC31E51BE5C009E26D2 /* Release */,
			);
			defaultConfigurationIsVisible = 0;
			defaultConfigurationName = Release;
		};
		B6656CC41E51BE5C009E26D2 /* Build configuration list for PBXNativeTarget "GrandDB_TestTests" */ = {
			isa = XCConfigurationList;
			buildConfigurations = (
				B6656CC51E51BE5C009E26D2 /* Debug */,
				B6656CC61E51BE5C009E26D2 /* Release */,
			);
			defaultConfigurationIsVisible = 0;
			defaultConfigurationName = Release;
		};
		B6656CC71E51BE5C009E26D2 /* Build configuration list for PBXNativeTarget "GrandDB_TestUITests" */ = {
			isa = XCConfigurationList;
			buildConfigurations = (
				B6656CC81E51BE5C009E26D2 /* Debug */,
				B6656CC91E51BE5C009E26D2 /* Release */,
			);
			defaultConfigurationIsVisible = 0;
			defaultConfigurationName = Release;
		};
/* End XCConfigurationList section */
	};
	rootObject = B6656C8C1E51BE5B009E26D2 /* Project object */;
}
